// !$*UTF8*$!
{
	archiveVersion = 1;
	classes = {
	};
	objectVersion = 56;
	objects = {

/* Begin PBXBuildFile section */
		E8BF3AA72A0FEBD900F0D97A /* AppDelegate.swift in Sources */ = {isa = PBXBuildFile; fileRef = E8BF3AA62A0FEBD900F0D97A /* AppDelegate.swift */; };
		E8BF3AA92A0FEBD900F0D97A /* SceneDelegate.swift in Sources */ = {isa = PBXBuildFile; fileRef = E8BF3AA82A0FEBD900F0D97A /* SceneDelegate.swift */; };
		E8BF3AAB2A0FEBD900F0D97A /* ViewController.swift in Sources */ = {isa = PBXBuildFile; fileRef = E8BF3AAA2A0FEBD900F0D97A /* ViewController.swift */; };
		E8BF3AAE2A0FEBD900F0D97A /* Main.storyboard in Resources */ = {isa = PBXBuildFile; fileRef = E8BF3AAC2A0FEBD900F0D97A /* Main.storyboard */; };
		E8BF3AB02A0FEBDB00F0D97A /* Assets.xcassets in Resources */ = {isa = PBXBuildFile; fileRef = E8BF3AAF2A0FEBDB00F0D97A /* Assets.xcassets */; };
		E8BF3AB32A0FEBDB00F0D97A /* LaunchScreen.storyboard in Resources */ = {isa = PBXBuildFile; fileRef = E8BF3AB12A0FEBDB00F0D97A /* LaunchScreen.storyboard */; };
/* End PBXBuildFile section */

/* Begin PBXFileReference section */
		E8BF3AA32A0FEBD900F0D97A /* menodag.app */ = {isa = PBXFileReference; explicitFileType = wrapper.application; includeInIndex = 0; path = menodag.app; sourceTree = BUILT_PRODUCTS_DIR; };
		E8BF3AA62A0FEBD900F0D97A /* AppDelegate.swift */ = {isa = PBXFileReference; lastKnownFileType = sourcecode.swift; path = AppDelegate.swift; sourceTree = "<group>"; };
		E8BF3AA82A0FEBD900F0D97A /* SceneDelegate.swift */ = {isa = PBXFileReference; lastKnownFileType = sourcecode.swift; path = SceneDelegate.swift; sourceTree = "<group>"; };
		E8BF3AAA2A0FEBD900F0D97A /* ViewController.swift */ = {isa = PBXFileReference; lastKnownFileType = sourcecode.swift; path = ViewController.swift; sourceTree = "<group>"; };
		E8BF3AAD2A0FEBD900F0D97A /* Base */ = {isa = PBXFileReference; lastKnownFileType = file.storyboard; name = Base; path = Base.lproj/Main.storyboard; sourceTree = "<group>"; };
		E8BF3AAF2A0FEBDB00F0D97A /* Assets.xcassets */ = {isa = PBXFileReference; lastKnownFileType = folder.assetcatalog; path = Assets.xcassets; sourceTree = "<group>"; };
		E8BF3AB22A0FEBDB00F0D97A /* Base */ = {isa = PBXFileReference; lastKnownFileType = file.storyboard; name = Base; path = Base.lproj/LaunchScreen.storyboard; sourceTree = "<group>"; };
		E8BF3AB42A0FEBDB00F0D97A /* Info.plist */ = {isa = PBXFileReference; lastKnownFileType = text.plist.xml; path = Info.plist; sourceTree = "<group>"; };
/* End PBXFileReference section */

/* Begin PBXFrameworksBuildPhase section */
		E8BF3AA02A0FEBD900F0D97A /* Frameworks */ = {
			isa = PBXFrameworksBuildPhase;
			buildActionMask = 2147483647;
			files = (
			);
			runOnlyForDeploymentPostprocessing = 0;
		};
/* End PBXFrameworksBuildPhase section */

/* Begin PBXGroup section */
		E8BF3A9A2A0FEBD900F0D97A = {
			isa = PBXGroup;
			children = (
				E8BF3AA52A0FEBD900F0D97A /* menodag */,
				E8BF3AA42A0FEBD900F0D97A /* Products */,
			);
			sourceTree = "<group>";
		};
		E8BF3AA42A0FEBD900F0D97A /* Products */ = {
			isa = PBXGroup;
			children = (
				E8BF3AA32A0FEBD900F0D97A /* menodag.app */,
			);
			name = Products;
			sourceTree = "<group>";
		};
		E8BF3AA52A0FEBD900F0D97A /* menodag */ = {
			isa = PBXGroup;
			children = (
				E8BF3AA62A0FEBD900F0D97A /* AppDelegate.swift */,
				E8BF3AA82A0FEBD900F0D97A /* SceneDelegate.swift */,
				E8BF3AAA2A0FEBD900F0D97A /* ViewController.swift */,
				E8BF3AAC2A0FEBD900F0D97A /* Main.storyboard */,
				E8BF3AAF2A0FEBDB00F0D97A /* Assets.xcassets */,
				E8BF3AB12A0FEBDB00F0D97A /* LaunchScreen.storyboard */,
				E8BF3AB42A0FEBDB00F0D97A /* Info.plist */,
			);
			path = menodag;
			sourceTree = "<group>";
		};
/* End PBXGroup section */

/* Begin PBXNativeTarget section */
		E8BF3AA22A0FEBD900F0D97A /* menodag */ = {
			isa = PBXNativeTarget;
			buildConfigurationList = E8BF3AB72A0FEBDB00F0D97A /* Build configuration list for PBXNativeTarget "menodag" */;
			buildPhases = (
				E8BF3A9F2A0FEBD900F0D97A /* Sources */,
				E8BF3AA02A0FEBD900F0D97A /* Frameworks */,
				E8BF3AA12A0FEBD900F0D97A /* Resources */,
			);
			buildRules = (
			);
			dependencies = (
			);
			name = menodag;
			productName = menodag;
			productReference = E8BF3AA32A0FEBD900F0D97A /* menodag.app */;
			productType = "com.apple.product-type.application";
		};
/* End PBXNativeTarget section */

/* Begin PBXProject section */
		E8BF3A9B2A0FEBD900F0D97A /* Project object */ = {
			isa = PBXProject;
			attributes = {
				BuildIndependentTargetsInParallel = 1;
				LastSwiftUpdateCheck = 1420;
				LastUpgradeCheck = 1420;
				TargetAttributes = {
					E8BF3AA22A0FEBD900F0D97A = {
						CreatedOnToolsVersion = 14.2;
					};
				};
			};
			buildConfigurationList = E8BF3A9E2A0FEBD900F0D97A /* Build configuration list for PBXProject "menodag" */;
			compatibilityVersion = "Xcode 14.0";
			developmentRegion = en;
			hasScannedForEncodings = 0;
			knownRegions = (
				en,
				Base,
			);
			mainGroup = E8BF3A9A2A0FEBD900F0D97A;
			productRefGroup = E8BF3AA42A0FEBD900F0D97A /* Products */;
			projectDirPath = "";
			projectRoot = "";
			targets = (
				E8BF3AA22A0FEBD900F0D97A /* menodag */,
			);
		};
/* End PBXProject section */

/* Begin PBXResourcesBuildPhase section */
		E8BF3AA12A0FEBD900F0D97A /* Resources */ = {
			isa = PBXResourcesBuildPhase;
			buildActionMask = 2147483647;
			files = (
				E8BF3AB32A0FEBDB00F0D97A /* LaunchScreen.storyboard in Resources */,
				E8BF3AB02A0FEBDB00F0D97A /* Assets.xcassets in Resources */,
				E8BF3AAE2A0FEBD900F0D97A /* Main.storyboard in Resources */,
			);
			runOnlyForDeploymentPostprocessing = 0;
		};
/* End PBXResourcesBuildPhase section */

/* Begin PBXSourcesBuildPhase section */
		E8BF3A9F2A0FEBD900F0D97A /* Sources */ = {
			isa = PBXSourcesBuildPhase;
			buildActionMask = 2147483647;
			files = (
				E8BF3AAB2A0FEBD900F0D97A /* ViewController.swift in Sources */,
				E8BF3AA72A0FEBD900F0D97A /* AppDelegate.swift in Sources */,
				E8BF3AA92A0FEBD900F0D97A /* SceneDelegate.swift in Sources */,
			);
			runOnlyForDeploymentPostprocessing = 0;
		};
/* End PBXSourcesBuildPhase section */

/* Begin PBXVariantGroup section */
		E8BF3AAC2A0FEBD900F0D97A /* Main.storyboard */ = {
			isa = PBXVariantGroup;
			children = (
				E8BF3AAD2A0FEBD900F0D97A /* Base */,
			);
			name = Main.storyboard;
			sourceTree = "<group>";
		};
		E8BF3AB12A0FEBDB00F0D97A /* LaunchScreen.storyboard */ = {
			isa = PBXVariantGroup;
			children = (
				E8BF3AB22A0FEBDB00F0D97A /* Base */,
			);
			name = LaunchScreen.storyboard;
			sourceTree = "<group>";
		};
/* End PBXVariantGroup section */

/* Begin XCBuildConfiguration section */
		E8BF3AB52A0FEBDB00F0D97A /* Debug */ = {
			isa = XCBuildConfiguration;
			buildSettings = {
				ALWAYS_SEARCH_USER_PATHS = NO;
				CLANG_ANALYZER_NONNULL = YES;
				CLANG_ANALYZER_NUMBER_OBJECT_CONVERSION = YES_AGGRESSIVE;
				CLANG_CXX_LANGUAGE_STANDARD = "gnu++20";
				CLANG_ENABLE_MODULES = YES;
				CLANG_ENABLE_OBJC_ARC = YES;
				CLANG_ENABLE_OBJC_WEAK = YES;
				CLANG_WARN_BLOCK_CAPTURE_AUTORELEASING = YES;
				CLANG_WARN_BOOL_CONVERSION = YES;
				CLANG_WARN_COMMA = YES;
				CLANG_WARN_CONSTANT_CONVERSION = YES;
				CLANG_WARN_DEPRECATED_OBJC_IMPLEMENTATIONS = YES;
				CLANG_WARN_DIRECT_OBJC_ISA_USAGE = YES_ERROR;
				CLANG_WARN_DOCUMENTATION_COMMENTS = YES;
				CLANG_WARN_EMPTY_BODY = YES;
				CLANG_WARN_ENUM_CONVERSION = YES;
				CLANG_WARN_INFINITE_RECURSION = YES;
				CLANG_WARN_INT_CONVERSION = YES;
				CLANG_WARN_NON_LITERAL_NULL_CONVERSION = YES;
				CLANG_WARN_OBJC_IMPLICIT_RETAIN_SELF = YES;
				CLANG_WARN_OBJC_LITERAL_CONVERSION = YES;
				CLANG_WARN_OBJC_ROOT_CLASS = YES_ERROR;
				CLANG_WARN_QUOTED_INCLUDE_IN_FRAMEWORK_HEADER = YES;
				CLANG_WARN_RANGE_LOOP_ANALYSIS = YES;
				CLANG_WARN_STRICT_PROTOTYPES = YES;
				CLANG_WARN_SUSPICIOUS_MOVE = YES;
				CLANG_WARN_UNGUARDED_AVAILABILITY = YES_AGGRESSIVE;
				CLANG_WARN_UNREACHABLE_CODE = YES;
				CLANG_WARN__DUPLICATE_METHOD_MATCH = YES;
				COPY_PHASE_STRIP = NO;
				DEBUG_INFORMATION_FORMAT = dwarf;
				ENABLE_STRICT_OBJC_MSGSEND = YES;
				ENABLE_TESTABILITY = YES;
				GCC_C_LANGUAGE_STANDARD = gnu11;
				GCC_DYNAMIC_NO_PIC = NO;
				GCC_NO_COMMON_BLOCKS = YES;
				GCC_OPTIMIZATION_LEVEL = 0;
				GCC_PREPROCESSOR_DEFINITIONS = (
					"DEBUG=1",
					"$(inherited)",
				);
				GCC_WARN_64_TO_32_BIT_CONVERSION = YES;
				GCC_WARN_ABOUT_RETURN_TYPE = YES_ERROR;
				GCC_WARN_UNDECLARED_SELECTOR = YES;
				GCC_WARN_UNINITIALIZED_AUTOS = YES_AGGRESSIVE;
				GCC_WARN_UNUSED_FUNCTION = YES;
				GCC_WARN_UNUSED_VARIABLE = YES;
				IPHONEOS_DEPLOYMENT_TARGET = 16.2;
				MTL_ENABLE_DEBUG_INFO = INCLUDE_SOURCE;
				MTL_FAST_MATH = YES;
				ONLY_ACTIVE_ARCH = YES;
				SDKROOT = iphoneos;
				SWIFT_ACTIVE_COMPILATION_CONDITIONS = DEBUG;
				SWIFT_OPTIMIZATION_LEVEL = "-Onone";
			};
			name = Debug;
		};
		E8BF3AB62A0FEBDB00F0D97A /* Release */ = {
			isa = XCBuildConfiguration;
			buildSettings = {
				ALWAYS_SEARCH_USER_PATHS = NO;
				CLANG_ANALYZER_NONNULL = YES;
				CLANG_ANALYZER_NUMBER_OBJECT_CONVERSION = YES_AGGRESSIVE;
				CLANG_CXX_LANGUAGE_STANDARD = "gnu++20";
				CLANG_ENABLE_MODULES = YES;
				CLANG_ENABLE_OBJC_ARC = YES;
				CLANG_ENABLE_OBJC_WEAK = YES;
				CLANG_WARN_BLOCK_CAPTURE_AUTORELEASING = YES;
				CLANG_WARN_BOOL_CONVERSION = YES;
				CLANG_WARN_COMMA = YES;
				CLANG_WARN_CONSTANT_CONVERSION = YES;
				CLANG_WARN_DEPRECATED_OBJC_IMPLEMENTATIONS = YES;
				CLANG_WARN_DIRECT_OBJC_ISA_USAGE = YES_ERROR;
				CLANG_WARN_DOCUMENTATION_COMMENTS = YES;
				CLANG_WARN_EMPTY_BODY = YES;
				CLANG_WARN_ENUM_CONVERSION = YES;
				CLANG_WARN_INFINITE_RECURSION = YES;
				CLANG_WARN_INT_CONVERSION = YES;
				CLANG_WARN_NON_LITERAL_NULL_CONVERSION = YES;
				CLANG_WARN_OBJC_IMPLICIT_RETAIN_SELF = YES;
				CLANG_WARN_OBJC_LITERAL_CONVERSION = YES;
				CLANG_WARN_OBJC_ROOT_CLASS = YES_ERROR;
				CLANG_WARN_QUOTED_INCLUDE_IN_FRAMEWORK_HEADER = YES;
				CLANG_WARN_RANGE_LOOP_ANALYSIS = YES;
				CLANG_WARN_STRICT_PROTOTYPES = YES;
				CLANG_WARN_SUSPICIOUS_MOVE = YES;
				CLANG_WARN_UNGUARDED_AVAILABILITY = YES_AGGRESSIVE;
				CLANG_WARN_UNREACHABLE_CODE = YES;
				CLANG_WARN__DUPLICATE_METHOD_MATCH = YES;
				COPY_PHASE_STRIP = NO;
				DEBUG_INFORMATION_FORMAT = "dwarf-with-dsym";
				ENABLE_NS_ASSERTIONS = NO;
				ENABLE_STRICT_OBJC_MSGSEND = YES;
				GCC_C_LANGUAGE_STANDARD = gnu11;
				GCC_NO_COMMON_BLOCKS = YES;
				GCC_WARN_64_TO_32_BIT_CONVERSION = YES;
				GCC_WARN_ABOUT_RETURN_TYPE = YES_ERROR;
				GCC_WARN_UNDECLARED_SELECTOR = YES;
				GCC_WARN_UNINITIALIZED_AUTOS = YES_AGGRESSIVE;
				GCC_WARN_UNUSED_FUNCTION = YES;
				GCC_WARN_UNUSED_VARIABLE = YES;
				IPHONEOS_DEPLOYMENT_TARGET = 16.2;
				MTL_ENABLE_DEBUG_INFO = NO;
				MTL_FAST_MATH = YES;
				SDKROOT = iphoneos;
				SWIFT_COMPILATION_MODE = wholemodule;
				SWIFT_OPTIMIZATION_LEVEL = "-O";
				VALIDATE_PRODUCT = YES;
			};
			name = Release;
		};
		E8BF3AB82A0FEBDB00F0D97A /* Debug */ = {
			isa = XCBuildConfiguration;
			buildSettings = {
				ASSETCATALOG_COMPILER_APPICON_NAME = AppIcon;
				ASSETCATALOG_COMPILER_GLOBAL_ACCENT_COLOR_NAME = AccentColor;
				CODE_SIGN_STYLE = Automatic;
				CURRENT_PROJECT_VERSION = 15;
				DEVELOPMENT_TEAM = VBT94B5CQ8;
				GENERATE_INFOPLIST_FILE = YES;
				INFOPLIST_FILE = menodag/Info.plist;
				INFOPLIST_KEY_CFBundleDisplayName = "منوداق الكويت";
				INFOPLIST_KEY_LSApplicationCategoryType = "public.app-category.utilities";
				INFOPLIST_KEY_UIApplicationSupportsIndirectInputEvents = YES;
				INFOPLIST_KEY_UILaunchStoryboardName = LaunchScreen;
				INFOPLIST_KEY_UIMainStoryboardFile = Main;
				INFOPLIST_KEY_UISupportedInterfaceOrientations = UIInterfaceOrientationPortrait;
				INFOPLIST_KEY_UISupportedInterfaceOrientations_iPad = "UIInterfaceOrientationPortrait UIInterfaceOrientationPortraitUpsideDown";
				IPHONEOS_DEPLOYMENT_TARGET = 14.0;
				LD_RUNPATH_SEARCH_PATHS = (
					"$(inherited)",
					"@executable_path/Frameworks",
				);
				MARKETING_VERSION = 3.1;
				PRODUCT_BUNDLE_IDENTIFIER = com.sadah.menodag;
				PRODUCT_NAME = "$(TARGET_NAME)";
				SWIFT_EMIT_LOC_STRINGS = YES;
				SWIFT_VERSION = 5.0;
				TARGETED_DEVICE_FAMILY = "1,2";
			};
			name = Debug;
		};
		E8BF3AB92A0FEBDB00F0D97A /* Release */ = {
			isa = XCBuildConfiguration;
			buildSettings = {
				ASSETCATALOG_COMPILER_APPICON_NAME = AppIcon;
				ASSETCATALOG_COMPILER_GLOBAL_ACCENT_COLOR_NAME = AccentColor;
				CODE_SIGN_STYLE = Automatic;
				CURRENT_PROJECT_VERSION = 15;
				DEVELOPMENT_TEAM = VBT94B5CQ8;
				GENERATE_INFOPLIST_FILE = YES;
				INFOPLIST_FILE = menodag/Info.plist;
				INFOPLIST_KEY_CFBundleDisplayName = "منوداق الكويت";
				INFOPLIST_KEY_LSApplicationCategoryType = "public.app-category.utilities";
				INFOPLIST_KEY_UIApplicationSupportsIndirectInputEvents = YES;
				INFOPLIST_KEY_UILaunchStoryboardName = LaunchScreen;
				INFOPLIST_KEY_UIMainStoryboardFile = Main;
				INFOPLIST_KEY_UISupportedInterfaceOrientations = UIInterfaceOrientationPortrait;
				INFOPLIST_KEY_UISupportedInterfaceOrientations_iPad = "UIInterfaceOrientationPortrait UIInterfaceOrientationPortraitUpsideDown";
				IPHONEOS_DEPLOYMENT_TARGET = 14.0;
				LD_RUNPATH_SEARCH_PATHS = (
					"$(inherited)",
					"@executable_path/Frameworks",
				);
				MARKETING_VERSION = 3.1;
				PRODUCT_BUNDLE_IDENTIFIER = com.sadah.menodag;
				PRODUCT_NAME = "$(TARGET_NAME)";
				SWIFT_EMIT_LOC_STRINGS = YES;
				SWIFT_VERSION = 5.0;
				TARGETED_DEVICE_FAMILY = "1,2";
			};
			name = Release;
		};
/* End XCBuildConfiguration section */

/* Begin XCConfigurationList section */
		E8BF3A9E2A0FEBD900F0D97A /* Build configuration list for PBXProject "menodag" */ = {
			isa = XCConfigurationList;
			buildConfigurations = (
				E8BF3AB52A0FEBDB00F0D97A /* Debug */,
				E8BF3AB62A0FEBDB00F0D97A /* Release */,
			);
			defaultConfigurationIsVisible = 0;
			defaultConfigurationName = Release;
		};
		E8BF3AB72A0FEBDB00F0D97A /* Build configuration list for PBXNativeTarget "menodag" */ = {
			isa = XCConfigurationList;
			buildConfigurations = (
				E8BF3AB82A0FEBDB00F0D97A /* Debug */,
				E8BF3AB92A0FEBDB00F0D97A /* Release */,
			);
			defaultConfigurationIsVisible = 0;
			defaultConfigurationName = Release;
		};
/* End XCConfigurationList section */
	};
	rootObject = E8BF3A9B2A0FEBD900F0D97A /* Project object */;
}
