// !$*UTF8*$!
{
	archiveVersion = 1;
	classes = {
	};
	objectVersion = 56;
	objects = {

/* Begin PBXBuildFile section */
		E83A6A9C2A33456B0074D2F8 /* JWTDecode.swift in Sources */ = {isa = PBXBuildFile; fileRef = E83A6A992A33456B0074D2F8 /* JWTDecode.swift */; };
		E83A6A9D2A33456B0074D2F8 /* JWTDecodeError.swift in Sources */ = {isa = PBXBuildFile; fileRef = E83A6A9A2A33456B0074D2F8 /* JWTDecodeError.swift */; };
		E83A6A9E2A33456B0074D2F8 /* JWT.swift in Sources */ = {isa = PBXBuildFile; fileRef = E83A6A9B2A33456B0074D2F8 /* JWT.swift */; };
		E83A6AA02A34296A0074D2F8 /* Swap + FirebaseUsers.swift in Sources */ = {isa = PBXBuildFile; fileRef = E83A6A9F2A34296A0074D2F8 /* Swap + FirebaseUsers.swift */; };
		E83FC9172A21169600E6AA96 /* BJOTPViewController in Frameworks */ = {isa = PBXBuildFile; productRef = E83FC9162A21169600E6AA96 /* BJOTPViewController */; };
		E83FC91A2A21BBE100E6AA96 /* SSSpinnerButtonr in Frameworks */ = {isa = PBXBuildFile; productRef = E83FC9192A21BBE100E6AA96 /* SSSpinnerButtonr */; };
		E86E17AC2A18E07B0053A1E9 /* SwiftMessages in Frameworks */ = {isa = PBXBuildFile; productRef = E86E17AB2A18E07B0053A1E9 /* SwiftMessages */; };
		E86E17B22A18F6200053A1E9 /* FirebaseAuth in Frameworks */ = {isa = PBXBuildFile; productRef = E86E17B12A18F6200053A1E9 /* FirebaseAuth */; };
		E86E17B42A18F6210053A1E9 /* FirebaseDatabaseSwift in Frameworks */ = {isa = PBXBuildFile; productRef = E86E17B32A18F6200053A1E9 /* FirebaseDatabaseSwift */; };
		E86E17B62A18F6210053A1E9 /* FirebaseInAppMessagingSwift-Beta in Frameworks */ = {isa = PBXBuildFile; productRef = E86E17B52A18F6210053A1E9 /* FirebaseInAppMessagingSwift-Beta */; };
		E86E17B82A18F6210053A1E9 /* FirebaseMessaging in Frameworks */ = {isa = PBXBuildFile; productRef = E86E17B72A18F6210053A1E9 /* FirebaseMessaging */; };
		E86E17BA2A18F6210053A1E9 /* FirebaseRemoteConfigSwift in Frameworks */ = {isa = PBXBuildFile; productRef = E86E17B92A18F6210053A1E9 /* FirebaseRemoteConfigSwift */; };
		E86E17BC2A18F6210053A1E9 /* FirebaseStorageCombine-Community in Frameworks */ = {isa = PBXBuildFile; productRef = E86E17BB2A18F6210053A1E9 /* FirebaseStorageCombine-Community */; };
		E86E17BE2A18F7DA0053A1E9 /* GoogleService-Info.plist in Resources */ = {isa = PBXBuildFile; fileRef = E86E17BD2A18F7DA0053A1E9 /* GoogleService-Info.plist */; };
		E86E17C12A1940A40053A1E9 /* Menodag+String.swift in Sources */ = {isa = PBXBuildFile; fileRef = E86E17C02A1940A40053A1E9 /* Menodag+String.swift */; };
		E86E17C32A19410B0053A1E9 /* Menodag+View.swift in Sources */ = {isa = PBXBuildFile; fileRef = E86E17C22A19410B0053A1E9 /* Menodag+View.swift */; };
		E86E17C62A1949440053A1E9 /* UIGradient in Frameworks */ = {isa = PBXBuildFile; productRef = E86E17C52A1949440053A1E9 /* UIGradient */; };
		E86E17C82A194A780053A1E9 /* Menodag+UIColor.swift in Sources */ = {isa = PBXBuildFile; fileRef = E86E17C72A194A780053A1E9 /* Menodag+UIColor.swift */; };
		E8BF3AA72A0FEBD900F0D97A /* AppDelegate.swift in Sources */ = {isa = PBXBuildFile; fileRef = E8BF3AA62A0FEBD900F0D97A /* AppDelegate.swift */; };
		E8BF3AA92A0FEBD900F0D97A /* SceneDelegate.swift in Sources */ = {isa = PBXBuildFile; fileRef = E8BF3AA82A0FEBD900F0D97A /* SceneDelegate.swift */; };
		E8BF3AAB2A0FEBD900F0D97A /* ViewController.swift in Sources */ = {isa = PBXBuildFile; fileRef = E8BF3AAA2A0FEBD900F0D97A /* ViewController.swift */; };
		E8BF3AAE2A0FEBD900F0D97A /* Main.storyboard in Resources */ = {isa = PBXBuildFile; fileRef = E8BF3AAC2A0FEBD900F0D97A /* Main.storyboard */; };
		E8BF3AB02A0FEBDB00F0D97A /* Assets.xcassets in Resources */ = {isa = PBXBuildFile; fileRef = E8BF3AAF2A0FEBDB00F0D97A /* Assets.xcassets */; };
		E8BF3AB32A0FEBDB00F0D97A /* LaunchScreen.storyboard in Resources */ = {isa = PBXBuildFile; fileRef = E8BF3AB12A0FEBDB00F0D97A /* LaunchScreen.storyboard */; };
		E8BF3AC22A0FF4DA00F0D97A /* Poppins-Medium.ttf in Resources */ = {isa = PBXBuildFile; fileRef = E8BF3ABB2A0FF4DA00F0D97A /* Poppins-Medium.ttf */; };
		E8BF3AC32A0FF4DA00F0D97A /* Poppins-Regular.ttf in Resources */ = {isa = PBXBuildFile; fileRef = E8BF3ABC2A0FF4DA00F0D97A /* Poppins-Regular.ttf */; };
		E8BF3AC42A0FF4DA00F0D97A /* Poppins-ExtraLight.ttf in Resources */ = {isa = PBXBuildFile; fileRef = E8BF3ABD2A0FF4DA00F0D97A /* Poppins-ExtraLight.ttf */; };
		E8BF3AC52A0FF4DA00F0D97A /* Poppins-Bold.ttf in Resources */ = {isa = PBXBuildFile; fileRef = E8BF3ABE2A0FF4DA00F0D97A /* Poppins-Bold.ttf */; };
		E8BF3AC62A0FF4DA00F0D97A /* Poppins-Black.ttf in Resources */ = {isa = PBXBuildFile; fileRef = E8BF3ABF2A0FF4DA00F0D97A /* Poppins-Black.ttf */; };
		E8BF3AC72A0FF4DA00F0D97A /* Poppins-ExtraBold.ttf in Resources */ = {isa = PBXBuildFile; fileRef = E8BF3AC02A0FF4DA00F0D97A /* Poppins-ExtraBold.ttf */; };
		E8BF3AC82A0FF4DA00F0D97A /* Poppins-Light.ttf in Resources */ = {isa = PBXBuildFile; fileRef = E8BF3AC12A0FF4DA00F0D97A /* Poppins-Light.ttf */; };
		E8BF3AD02A0FF4E700F0D97A /* Tajawal-ExtraBold.ttf in Resources */ = {isa = PBXBuildFile; fileRef = E8BF3AC92A0FF4E600F0D97A /* Tajawal-ExtraBold.ttf */; };
		E8BF3AD12A0FF4E700F0D97A /* Tajawal-Black.ttf in Resources */ = {isa = PBXBuildFile; fileRef = E8BF3ACA2A0FF4E600F0D97A /* Tajawal-Black.ttf */; };
		E8BF3AD22A0FF4E700F0D97A /* Tajawal-Regular.ttf in Resources */ = {isa = PBXBuildFile; fileRef = E8BF3ACB2A0FF4E600F0D97A /* Tajawal-Regular.ttf */; };
		E8BF3AD32A0FF4E700F0D97A /* Tajawal-Medium.ttf in Resources */ = {isa = PBXBuildFile; fileRef = E8BF3ACC2A0FF4E600F0D97A /* Tajawal-Medium.ttf */; };
		E8BF3AD42A0FF4E700F0D97A /* Tajawal-ExtraLight.ttf in Resources */ = {isa = PBXBuildFile; fileRef = E8BF3ACD2A0FF4E700F0D97A /* Tajawal-ExtraLight.ttf */; };
		E8BF3AD52A0FF4E700F0D97A /* Tajawal-Bold.ttf in Resources */ = {isa = PBXBuildFile; fileRef = E8BF3ACE2A0FF4E700F0D97A /* Tajawal-Bold.ttf */; };
		E8BF3AD62A0FF4E700F0D97A /* Tajawal-Light.ttf in Resources */ = {isa = PBXBuildFile; fileRef = E8BF3ACF2A0FF4E700F0D97A /* Tajawal-Light.ttf */; };
		E8BF3AD92A10B0C400F0D97A /* Localize_Swift in Frameworks */ = {isa = PBXBuildFile; productRef = E8BF3AD82A10B0C400F0D97A /* Localize_Swift */; };
		E8BF3ADB2A10B0CF00F0D97A /* MenodagFont.swift in Sources */ = {isa = PBXBuildFile; fileRef = E8BF3ADA2A10B0CF00F0D97A /* MenodagFont.swift */; };
		E8BF3AE22A12111F00F0D97A /* localisation.json in Resources */ = {isa = PBXBuildFile; fileRef = E8BF3AE12A12111F00F0D97A /* localisation.json */; };
		E8BF3AE42A12152800F0D97A /* LocalisationModel.swift in Sources */ = {isa = PBXBuildFile; fileRef = E8BF3AE32A12152800F0D97A /* LocalisationModel.swift */; };
		E8BF3AE72A12273800F0D97A /* MOLH in Frameworks */ = {isa = PBXBuildFile; productRef = E8BF3AE62A12273800F0D97A /* MOLH */; };
/* End PBXBuildFile section */

/* Begin PBXFileReference section */
		E83A6A992A33456B0074D2F8 /* JWTDecode.swift */ = {isa = PBXFileReference; fileEncoding = 4; lastKnownFileType = sourcecode.swift; path = JWTDecode.swift; sourceTree = "<group>"; };
		E83A6A9A2A33456B0074D2F8 /* JWTDecodeError.swift */ = {isa = PBXFileReference; fileEncoding = 4; lastKnownFileType = sourcecode.swift; path = JWTDecodeError.swift; sourceTree = "<group>"; };
		E83A6A9B2A33456B0074D2F8 /* JWT.swift */ = {isa = PBXFileReference; fileEncoding = 4; lastKnownFileType = sourcecode.swift; path = JWT.swift; sourceTree = "<group>"; };
		E83A6A9F2A34296A0074D2F8 /* Swap + FirebaseUsers.swift */ = {isa = PBXFileReference; lastKnownFileType = sourcecode.swift; path = "Swap + FirebaseUsers.swift"; sourceTree = "<group>"; };
		E86E17A92A18D80B0053A1E9 /* menodag.entitlements */ = {isa = PBXFileReference; lastKnownFileType = text.plist.entitlements; path = menodag.entitlements; sourceTree = "<group>"; };
		E86E17BD2A18F7DA0053A1E9 /* GoogleService-Info.plist */ = {isa = PBXFileReference; fileEncoding = 4; lastKnownFileType = text.plist.xml; path = "GoogleService-Info.plist"; sourceTree = "<group>"; };
		E86E17C02A1940A40053A1E9 /* Menodag+String.swift */ = {isa = PBXFileReference; lastKnownFileType = sourcecode.swift; path = "Menodag+String.swift"; sourceTree = "<group>"; };
		E86E17C22A19410B0053A1E9 /* Menodag+View.swift */ = {isa = PBXFileReference; lastKnownFileType = sourcecode.swift; path = "Menodag+View.swift"; sourceTree = "<group>"; };
		E86E17C72A194A780053A1E9 /* Menodag+UIColor.swift */ = {isa = PBXFileReference; lastKnownFileType = sourcecode.swift; path = "Menodag+UIColor.swift"; sourceTree = "<group>"; };
		E8BF3AA32A0FEBD900F0D97A /* menodag.app */ = {isa = PBXFileReference; explicitFileType = wrapper.application; includeInIndex = 0; path = menodag.app; sourceTree = BUILT_PRODUCTS_DIR; };
		E8BF3AA62A0FEBD900F0D97A /* AppDelegate.swift */ = {isa = PBXFileReference; lastKnownFileType = sourcecode.swift; path = AppDelegate.swift; sourceTree = "<group>"; };
		E8BF3AA82A0FEBD900F0D97A /* SceneDelegate.swift */ = {isa = PBXFileReference; lastKnownFileType = sourcecode.swift; path = SceneDelegate.swift; sourceTree = "<group>"; };
		E8BF3AAA2A0FEBD900F0D97A /* ViewController.swift */ = {isa = PBXFileReference; lastKnownFileType = sourcecode.swift; path = ViewController.swift; sourceTree = "<group>"; };
		E8BF3AAD2A0FEBD900F0D97A /* Base */ = {isa = PBXFileReference; lastKnownFileType = file.storyboard; name = Base; path = Base.lproj/Main.storyboard; sourceTree = "<group>"; };
		E8BF3AAF2A0FEBDB00F0D97A /* Assets.xcassets */ = {isa = PBXFileReference; lastKnownFileType = folder.assetcatalog; path = Assets.xcassets; sourceTree = "<group>"; };
		E8BF3AB22A0FEBDB00F0D97A /* Base */ = {isa = PBXFileReference; lastKnownFileType = file.storyboard; name = Base; path = Base.lproj/LaunchScreen.storyboard; sourceTree = "<group>"; };
		E8BF3AB42A0FEBDB00F0D97A /* Info.plist */ = {isa = PBXFileReference; lastKnownFileType = text.plist.xml; path = Info.plist; sourceTree = "<group>"; };
		E8BF3ABB2A0FF4DA00F0D97A /* Poppins-Medium.ttf */ = {isa = PBXFileReference; lastKnownFileType = file; path = "Poppins-Medium.ttf"; sourceTree = "<group>"; };
		E8BF3ABC2A0FF4DA00F0D97A /* Poppins-Regular.ttf */ = {isa = PBXFileReference; lastKnownFileType = file; path = "Poppins-Regular.ttf"; sourceTree = "<group>"; };
		E8BF3ABD2A0FF4DA00F0D97A /* Poppins-ExtraLight.ttf */ = {isa = PBXFileReference; lastKnownFileType = file; path = "Poppins-ExtraLight.ttf"; sourceTree = "<group>"; };
		E8BF3ABE2A0FF4DA00F0D97A /* Poppins-Bold.ttf */ = {isa = PBXFileReference; lastKnownFileType = file; path = "Poppins-Bold.ttf"; sourceTree = "<group>"; };
		E8BF3ABF2A0FF4DA00F0D97A /* Poppins-Black.ttf */ = {isa = PBXFileReference; lastKnownFileType = file; path = "Poppins-Black.ttf"; sourceTree = "<group>"; };
		E8BF3AC02A0FF4DA00F0D97A /* Poppins-ExtraBold.ttf */ = {isa = PBXFileReference; lastKnownFileType = file; path = "Poppins-ExtraBold.ttf"; sourceTree = "<group>"; };
		E8BF3AC12A0FF4DA00F0D97A /* Poppins-Light.ttf */ = {isa = PBXFileReference; lastKnownFileType = file; path = "Poppins-Light.ttf"; sourceTree = "<group>"; };
		E8BF3AC92A0FF4E600F0D97A /* Tajawal-ExtraBold.ttf */ = {isa = PBXFileReference; lastKnownFileType = file; path = "Tajawal-ExtraBold.ttf"; sourceTree = "<group>"; };
		E8BF3ACA2A0FF4E600F0D97A /* Tajawal-Black.ttf */ = {isa = PBXFileReference; lastKnownFileType = file; path = "Tajawal-Black.ttf"; sourceTree = "<group>"; };
		E8BF3ACB2A0FF4E600F0D97A /* Tajawal-Regular.ttf */ = {isa = PBXFileReference; lastKnownFileType = file; path = "Tajawal-Regular.ttf"; sourceTree = "<group>"; };
		E8BF3ACC2A0FF4E600F0D97A /* Tajawal-Medium.ttf */ = {isa = PBXFileReference; lastKnownFileType = file; path = "Tajawal-Medium.ttf"; sourceTree = "<group>"; };
		E8BF3ACD2A0FF4E700F0D97A /* Tajawal-ExtraLight.ttf */ = {isa = PBXFileReference; lastKnownFileType = file; path = "Tajawal-ExtraLight.ttf"; sourceTree = "<group>"; };
		E8BF3ACE2A0FF4E700F0D97A /* Tajawal-Bold.ttf */ = {isa = PBXFileReference; lastKnownFileType = file; path = "Tajawal-Bold.ttf"; sourceTree = "<group>"; };
		E8BF3ACF2A0FF4E700F0D97A /* Tajawal-Light.ttf */ = {isa = PBXFileReference; lastKnownFileType = file; path = "Tajawal-Light.ttf"; sourceTree = "<group>"; };
		E8BF3ADA2A10B0CF00F0D97A /* MenodagFont.swift */ = {isa = PBXFileReference; lastKnownFileType = sourcecode.swift; path = MenodagFont.swift; sourceTree = "<group>"; };
		E8BF3AE12A12111F00F0D97A /* localisation.json */ = {isa = PBXFileReference; lastKnownFileType = text.json; path = localisation.json; sourceTree = "<group>"; };
		E8BF3AE32A12152800F0D97A /* LocalisationModel.swift */ = {isa = PBXFileReference; lastKnownFileType = sourcecode.swift; path = LocalisationModel.swift; sourceTree = "<group>"; };
/* End PBXFileReference section */

/* Begin PBXFrameworksBuildPhase section */
		E8BF3AA02A0FEBD900F0D97A /* Frameworks */ = {
			isa = PBXFrameworksBuildPhase;
			buildActionMask = 2147483647;
			files = (
				E86E17B82A18F6210053A1E9 /* FirebaseMessaging in Frameworks */,
				E83FC91A2A21BBE100E6AA96 /* SSSpinnerButtonr in Frameworks */,
				E86E17B42A18F6210053A1E9 /* FirebaseDatabaseSwift in Frameworks */,
				E86E17BC2A18F6210053A1E9 /* FirebaseStorageCombine-Community in Frameworks */,
				E8BF3AE72A12273800F0D97A /* MOLH in Frameworks */,
				E86E17BA2A18F6210053A1E9 /* FirebaseRemoteConfigSwift in Frameworks */,
				E86E17C62A1949440053A1E9 /* UIGradient in Frameworks */,
				E86E17B62A18F6210053A1E9 /* FirebaseInAppMessagingSwift-Beta in Frameworks */,
				E86E17B22A18F6200053A1E9 /* FirebaseAuth in Frameworks */,
				E86E17AC2A18E07B0053A1E9 /* SwiftMessages in Frameworks */,
				E83FC9172A21169600E6AA96 /* BJOTPViewController in Frameworks */,
				E8BF3AD92A10B0C400F0D97A /* Localize_Swift in Frameworks */,
			);
			runOnlyForDeploymentPostprocessing = 0;
		};
/* End PBXFrameworksBuildPhase section */

/* Begin PBXGroup section */
		E83A6A982A33455D0074D2F8 /* JWT */ = {
			isa = PBXGroup;
			children = (
				E83A6A9B2A33456B0074D2F8 /* JWT.swift */,
				E83A6A992A33456B0074D2F8 /* JWTDecode.swift */,
				E83A6A9A2A33456B0074D2F8 /* JWTDecodeError.swift */,
			);
			path = JWT;
			sourceTree = "<group>";
		};
		E86E17BF2A1940950053A1E9 /* Extensions */ = {
			isa = PBXGroup;
			children = (
				E83A6A982A33455D0074D2F8 /* JWT */,
				E86E17C02A1940A40053A1E9 /* Menodag+String.swift */,
				E86E17C22A19410B0053A1E9 /* Menodag+View.swift */,
				E86E17C72A194A780053A1E9 /* Menodag+UIColor.swift */,
				E83A6A9F2A34296A0074D2F8 /* Swap + FirebaseUsers.swift */,
			);
			path = Extensions;
			sourceTree = "<group>";
		};
		E8BF3A9A2A0FEBD900F0D97A = {
			isa = PBXGroup;
			children = (
				E8BF3AA52A0FEBD900F0D97A /* menodag */,
				E8BF3AA42A0FEBD900F0D97A /* Products */,
			);
			sourceTree = "<group>";
		};
		E8BF3AA42A0FEBD900F0D97A /* Products */ = {
			isa = PBXGroup;
			children = (
				E8BF3AA32A0FEBD900F0D97A /* menodag.app */,
			);
			name = Products;
			sourceTree = "<group>";
		};
		E8BF3AA52A0FEBD900F0D97A /* menodag */ = {
			isa = PBXGroup;
			children = (
				E86E17BF2A1940950053A1E9 /* Extensions */,
				E86E17BD2A18F7DA0053A1E9 /* GoogleService-Info.plist */,
				E86E17A92A18D80B0053A1E9 /* menodag.entitlements */,
				E8BF3AE82A12373100F0D97A /* GetStartedScreen */,
				E8BF3AE02A12110100F0D97A /* Localisation */,
				E8BF3ABA2A0FF4A600F0D97A /* Fonts */,
				E8BF3AA62A0FEBD900F0D97A /* AppDelegate.swift */,
				E8BF3AA82A0FEBD900F0D97A /* SceneDelegate.swift */,
				E8BF3AAC2A0FEBD900F0D97A /* Main.storyboard */,
				E8BF3AAF2A0FEBDB00F0D97A /* Assets.xcassets */,
				E8BF3AB12A0FEBDB00F0D97A /* LaunchScreen.storyboard */,
				E8BF3AB42A0FEBDB00F0D97A /* Info.plist */,
			);
			path = menodag;
			sourceTree = "<group>";
		};
		E8BF3ABA2A0FF4A600F0D97A /* Fonts */ = {
			isa = PBXGroup;
			children = (
				E8BF3ABF2A0FF4DA00F0D97A /* Poppins-Black.ttf */,
				E8BF3ABE2A0FF4DA00F0D97A /* Poppins-Bold.ttf */,
				E8BF3AC02A0FF4DA00F0D97A /* Poppins-ExtraBold.ttf */,
				E8BF3ABD2A0FF4DA00F0D97A /* Poppins-ExtraLight.ttf */,
				E8BF3AC12A0FF4DA00F0D97A /* Poppins-Light.ttf */,
				E8BF3ABB2A0FF4DA00F0D97A /* Poppins-Medium.ttf */,
				E8BF3ABC2A0FF4DA00F0D97A /* Poppins-Regular.ttf */,
				E8BF3ACA2A0FF4E600F0D97A /* Tajawal-Black.ttf */,
				E8BF3ACE2A0FF4E700F0D97A /* Tajawal-Bold.ttf */,
				E8BF3AC92A0FF4E600F0D97A /* Tajawal-ExtraBold.ttf */,
				E8BF3ACD2A0FF4E700F0D97A /* Tajawal-ExtraLight.ttf */,
				E8BF3ACF2A0FF4E700F0D97A /* Tajawal-Light.ttf */,
				E8BF3ACC2A0FF4E600F0D97A /* Tajawal-Medium.ttf */,
				E8BF3ACB2A0FF4E600F0D97A /* Tajawal-Regular.ttf */,
				E8BF3ADA2A10B0CF00F0D97A /* MenodagFont.swift */,
			);
			path = Fonts;
			sourceTree = "<group>";
		};
		E8BF3AE02A12110100F0D97A /* Localisation */ = {
			isa = PBXGroup;
			children = (
				E8BF3AE12A12111F00F0D97A /* localisation.json */,
				E8BF3AE32A12152800F0D97A /* LocalisationModel.swift */,
			);
			path = Localisation;
			sourceTree = "<group>";
		};
		E8BF3AE82A12373100F0D97A /* GetStartedScreen */ = {
			isa = PBXGroup;
			children = (
				E8BF3AAA2A0FEBD900F0D97A /* ViewController.swift */,
			);
			path = GetStartedScreen;
			sourceTree = "<group>";
		};
/* End PBXGroup section */

/* Begin PBXNativeTarget section */
		E8BF3AA22A0FEBD900F0D97A /* menodag */ = {
			isa = PBXNativeTarget;
			buildConfigurationList = E8BF3AB72A0FEBDB00F0D97A /* Build configuration list for PBXNativeTarget "menodag" */;
			buildPhases = (
				E8BF3A9F2A0FEBD900F0D97A /* Sources */,
				E8BF3AA02A0FEBD900F0D97A /* Frameworks */,
				E8BF3AA12A0FEBD900F0D97A /* Resources */,
			);
			buildRules = (
			);
			dependencies = (
			);
			name = menodag;
			packageProductDependencies = (
				E8BF3AD82A10B0C400F0D97A /* Localize_Swift */,
				E8BF3AE62A12273800F0D97A /* MOLH */,
				E86E17AB2A18E07B0053A1E9 /* SwiftMessages */,
				E86E17B12A18F6200053A1E9 /* FirebaseAuth */,
				E86E17B32A18F6200053A1E9 /* FirebaseDatabaseSwift */,
				E86E17B52A18F6210053A1E9 /* FirebaseInAppMessagingSwift-Beta */,
				E86E17B72A18F6210053A1E9 /* FirebaseMessaging */,
				E86E17B92A18F6210053A1E9 /* FirebaseRemoteConfigSwift */,
				E86E17BB2A18F6210053A1E9 /* FirebaseStorageCombine-Community */,
				E86E17C52A1949440053A1E9 /* UIGradient */,
				E83FC9162A21169600E6AA96 /* BJOTPViewController */,
				E83FC9192A21BBE100E6AA96 /* SSSpinnerButtonr */,
			);
			productName = menodag;
			productReference = E8BF3AA32A0FEBD900F0D97A /* menodag.app */;
			productType = "com.apple.product-type.application";
		};
/* End PBXNativeTarget section */

/* Begin PBXProject section */
		E8BF3A9B2A0FEBD900F0D97A /* Project object */ = {
			isa = PBXProject;
			attributes = {
				BuildIndependentTargetsInParallel = 1;
				LastSwiftUpdateCheck = 1420;
				LastUpgradeCheck = 1420;
				TargetAttributes = {
					E8BF3AA22A0FEBD900F0D97A = {
						CreatedOnToolsVersion = 14.2;
					};
				};
			};
			buildConfigurationList = E8BF3A9E2A0FEBD900F0D97A /* Build configuration list for PBXProject "menodag" */;
			compatibilityVersion = "Xcode 14.0";
			developmentRegion = en;
			hasScannedForEncodings = 0;
			knownRegions = (
				en,
				Base,
			);
			mainGroup = E8BF3A9A2A0FEBD900F0D97A;
			packageReferences = (
				E8BF3AD72A10B0C400F0D97A /* XCRemoteSwiftPackageReference "Localize-Swift" */,
				E8BF3AE52A12273800F0D97A /* XCRemoteSwiftPackageReference "MOLH" */,
				E86E17AA2A18E07B0053A1E9 /* XCRemoteSwiftPackageReference "SwiftMessages" */,
				E86E17B02A18F6200053A1E9 /* XCRemoteSwiftPackageReference "firebase-ios-sdk" */,
				E86E17C42A1949440053A1E9 /* XCRemoteSwiftPackageReference "UIGradient" */,
				E83FC9152A21169600E6AA96 /* XCRemoteSwiftPackageReference "BJOTPViewController" */,
				E83FC9182A21BBE100E6AA96 /* XCRemoteSwiftPackageReference "SSSpinnerButton" */,
			);
			productRefGroup = E8BF3AA42A0FEBD900F0D97A /* Products */;
			projectDirPath = "";
			projectRoot = "";
			targets = (
				E8BF3AA22A0FEBD900F0D97A /* menodag */,
			);
		};
/* End PBXProject section */

/* Begin PBXResourcesBuildPhase section */
		E8BF3AA12A0FEBD900F0D97A /* Resources */ = {
			isa = PBXResourcesBuildPhase;
			buildActionMask = 2147483647;
			files = (
				E8BF3AC62A0FF4DA00F0D97A /* Poppins-Black.ttf in Resources */,
				E8BF3AC82A0FF4DA00F0D97A /* Poppins-Light.ttf in Resources */,
				E8BF3AC72A0FF4DA00F0D97A /* Poppins-ExtraBold.ttf in Resources */,
				E8BF3AD42A0FF4E700F0D97A /* Tajawal-ExtraLight.ttf in Resources */,
				E8BF3AD22A0FF4E700F0D97A /* Tajawal-Regular.ttf in Resources */,
				E86E17BE2A18F7DA0053A1E9 /* GoogleService-Info.plist in Resources */,
				E8BF3AD32A0FF4E700F0D97A /* Tajawal-Medium.ttf in Resources */,
				E8BF3AD12A0FF4E700F0D97A /* Tajawal-Black.ttf in Resources */,
				E8BF3AC42A0FF4DA00F0D97A /* Poppins-ExtraLight.ttf in Resources */,
				E8BF3AB32A0FEBDB00F0D97A /* LaunchScreen.storyboard in Resources */,
				E8BF3AC52A0FF4DA00F0D97A /* Poppins-Bold.ttf in Resources */,
				E8BF3AC22A0FF4DA00F0D97A /* Poppins-Medium.ttf in Resources */,
				E8BF3AD02A0FF4E700F0D97A /* Tajawal-ExtraBold.ttf in Resources */,
				E8BF3AD62A0FF4E700F0D97A /* Tajawal-Light.ttf in Resources */,
				E8BF3AB02A0FEBDB00F0D97A /* Assets.xcassets in Resources */,
				E8BF3AAE2A0FEBD900F0D97A /* Main.storyboard in Resources */,
				E8BF3AD52A0FF4E700F0D97A /* Tajawal-Bold.ttf in Resources */,
				E8BF3AC32A0FF4DA00F0D97A /* Poppins-Regular.ttf in Resources */,
				E8BF3AE22A12111F00F0D97A /* localisation.json in Resources */,
			);
			runOnlyForDeploymentPostprocessing = 0;
		};
/* End PBXResourcesBuildPhase section */

/* Begin PBXSourcesBuildPhase section */
		E8BF3A9F2A0FEBD900F0D97A /* Sources */ = {
			isa = PBXSourcesBuildPhase;
			buildActionMask = 2147483647;
			files = (
				E86E17C12A1940A40053A1E9 /* Menodag+String.swift in Sources */,
				E83A6A9E2A33456B0074D2F8 /* JWT.swift in Sources */,
				E8BF3AAB2A0FEBD900F0D97A /* ViewController.swift in Sources */,
				E86E17C32A19410B0053A1E9 /* Menodag+View.swift in Sources */,
				E86E17C82A194A780053A1E9 /* Menodag+UIColor.swift in Sources */,
				E8BF3ADB2A10B0CF00F0D97A /* MenodagFont.swift in Sources */,
				E83A6AA02A34296A0074D2F8 /* Swap + FirebaseUsers.swift in Sources */,
				E8BF3AA72A0FEBD900F0D97A /* AppDelegate.swift in Sources */,
				E83A6A9D2A33456B0074D2F8 /* JWTDecodeError.swift in Sources */,
				E8BF3AA92A0FEBD900F0D97A /* SceneDelegate.swift in Sources */,
				E83A6A9C2A33456B0074D2F8 /* JWTDecode.swift in Sources */,
				E8BF3AE42A12152800F0D97A /* LocalisationModel.swift in Sources */,
			);
			runOnlyForDeploymentPostprocessing = 0;
		};
/* End PBXSourcesBuildPhase section */

/* Begin PBXVariantGroup section */
		E8BF3AAC2A0FEBD900F0D97A /* Main.storyboard */ = {
			isa = PBXVariantGroup;
			children = (
				E8BF3AAD2A0FEBD900F0D97A /* Base */,
			);
			name = Main.storyboard;
			sourceTree = "<group>";
		};
		E8BF3AB12A0FEBDB00F0D97A /* LaunchScreen.storyboard */ = {
			isa = PBXVariantGroup;
			children = (
				E8BF3AB22A0FEBDB00F0D97A /* Base */,
			);
			name = LaunchScreen.storyboard;
			sourceTree = "<group>";
		};
/* End PBXVariantGroup section */

/* Begin XCBuildConfiguration section */
		E8BF3AB52A0FEBDB00F0D97A /* Debug */ = {
			isa = XCBuildConfiguration;
			buildSettings = {
				ALWAYS_SEARCH_USER_PATHS = NO;
				CLANG_ANALYZER_NONNULL = YES;
				CLANG_ANALYZER_NUMBER_OBJECT_CONVERSION = YES_AGGRESSIVE;
				CLANG_CXX_LANGUAGE_STANDARD = "gnu++20";
				CLANG_ENABLE_MODULES = YES;
				CLANG_ENABLE_OBJC_ARC = YES;
				CLANG_ENABLE_OBJC_WEAK = YES;
				CLANG_WARN_BLOCK_CAPTURE_AUTORELEASING = YES;
				CLANG_WARN_BOOL_CONVERSION = YES;
				CLANG_WARN_COMMA = YES;
				CLANG_WARN_CONSTANT_CONVERSION = YES;
				CLANG_WARN_DEPRECATED_OBJC_IMPLEMENTATIONS = YES;
				CLANG_WARN_DIRECT_OBJC_ISA_USAGE = YES_ERROR;
				CLANG_WARN_DOCUMENTATION_COMMENTS = YES;
				CLANG_WARN_EMPTY_BODY = YES;
				CLANG_WARN_ENUM_CONVERSION = YES;
				CLANG_WARN_INFINITE_RECURSION = YES;
				CLANG_WARN_INT_CONVERSION = YES;
				CLANG_WARN_NON_LITERAL_NULL_CONVERSION = YES;
				CLANG_WARN_OBJC_IMPLICIT_RETAIN_SELF = YES;
				CLANG_WARN_OBJC_LITERAL_CONVERSION = YES;
				CLANG_WARN_OBJC_ROOT_CLASS = YES_ERROR;
				CLANG_WARN_QUOTED_INCLUDE_IN_FRAMEWORK_HEADER = YES;
				CLANG_WARN_RANGE_LOOP_ANALYSIS = YES;
				CLANG_WARN_STRICT_PROTOTYPES = YES;
				CLANG_WARN_SUSPICIOUS_MOVE = YES;
				CLANG_WARN_UNGUARDED_AVAILABILITY = YES_AGGRESSIVE;
				CLANG_WARN_UNREACHABLE_CODE = YES;
				CLANG_WARN__DUPLICATE_METHOD_MATCH = YES;
				COPY_PHASE_STRIP = NO;
				DEBUG_INFORMATION_FORMAT = dwarf;
				ENABLE_STRICT_OBJC_MSGSEND = YES;
				ENABLE_TESTABILITY = YES;
				GCC_C_LANGUAGE_STANDARD = gnu11;
				GCC_DYNAMIC_NO_PIC = NO;
				GCC_NO_COMMON_BLOCKS = YES;
				GCC_OPTIMIZATION_LEVEL = 0;
				GCC_PREPROCESSOR_DEFINITIONS = (
					"DEBUG=1",
					"$(inherited)",
				);
				GCC_WARN_64_TO_32_BIT_CONVERSION = YES;
				GCC_WARN_ABOUT_RETURN_TYPE = YES_ERROR;
				GCC_WARN_UNDECLARED_SELECTOR = YES;
				GCC_WARN_UNINITIALIZED_AUTOS = YES_AGGRESSIVE;
				GCC_WARN_UNUSED_FUNCTION = YES;
				GCC_WARN_UNUSED_VARIABLE = YES;
				IPHONEOS_DEPLOYMENT_TARGET = 14.0;
				MTL_ENABLE_DEBUG_INFO = INCLUDE_SOURCE;
				MTL_FAST_MATH = YES;
				ONLY_ACTIVE_ARCH = YES;
				SDKROOT = iphoneos;
				SWIFT_ACTIVE_COMPILATION_CONDITIONS = DEBUG;
				SWIFT_OPTIMIZATION_LEVEL = "-Onone";
			};
			name = Debug;
		};
		E8BF3AB62A0FEBDB00F0D97A /* Release */ = {
			isa = XCBuildConfiguration;
			buildSettings = {
				ALWAYS_SEARCH_USER_PATHS = NO;
				CLANG_ANALYZER_NONNULL = YES;
				CLANG_ANALYZER_NUMBER_OBJECT_CONVERSION = YES_AGGRESSIVE;
				CLANG_CXX_LANGUAGE_STANDARD = "gnu++20";
				CLANG_ENABLE_MODULES = YES;
				CLANG_ENABLE_OBJC_ARC = YES;
				CLANG_ENABLE_OBJC_WEAK = YES;
				CLANG_WARN_BLOCK_CAPTURE_AUTORELEASING = YES;
				CLANG_WARN_BOOL_CONVERSION = YES;
				CLANG_WARN_COMMA = YES;
				CLANG_WARN_CONSTANT_CONVERSION = YES;
				CLANG_WARN_DEPRECATED_OBJC_IMPLEMENTATIONS = YES;
				CLANG_WARN_DIRECT_OBJC_ISA_USAGE = YES_ERROR;
				CLANG_WARN_DOCUMENTATION_COMMENTS = YES;
				CLANG_WARN_EMPTY_BODY = YES;
				CLANG_WARN_ENUM_CONVERSION = YES;
				CLANG_WARN_INFINITE_RECURSION = YES;
				CLANG_WARN_INT_CONVERSION = YES;
				CLANG_WARN_NON_LITERAL_NULL_CONVERSION = YES;
				CLANG_WARN_OBJC_IMPLICIT_RETAIN_SELF = YES;
				CLANG_WARN_OBJC_LITERAL_CONVERSION = YES;
				CLANG_WARN_OBJC_ROOT_CLASS = YES_ERROR;
				CLANG_WARN_QUOTED_INCLUDE_IN_FRAMEWORK_HEADER = YES;
				CLANG_WARN_RANGE_LOOP_ANALYSIS = YES;
				CLANG_WARN_STRICT_PROTOTYPES = YES;
				CLANG_WARN_SUSPICIOUS_MOVE = YES;
				CLANG_WARN_UNGUARDED_AVAILABILITY = YES_AGGRESSIVE;
				CLANG_WARN_UNREACHABLE_CODE = YES;
				CLANG_WARN__DUPLICATE_METHOD_MATCH = YES;
				COPY_PHASE_STRIP = NO;
				DEBUG_INFORMATION_FORMAT = "dwarf-with-dsym";
				ENABLE_NS_ASSERTIONS = NO;
				ENABLE_STRICT_OBJC_MSGSEND = YES;
				GCC_C_LANGUAGE_STANDARD = gnu11;
				GCC_NO_COMMON_BLOCKS = YES;
				GCC_WARN_64_TO_32_BIT_CONVERSION = YES;
				GCC_WARN_ABOUT_RETURN_TYPE = YES_ERROR;
				GCC_WARN_UNDECLARED_SELECTOR = YES;
				GCC_WARN_UNINITIALIZED_AUTOS = YES_AGGRESSIVE;
				GCC_WARN_UNUSED_FUNCTION = YES;
				GCC_WARN_UNUSED_VARIABLE = YES;
				IPHONEOS_DEPLOYMENT_TARGET = 14.0;
				MTL_ENABLE_DEBUG_INFO = NO;
				MTL_FAST_MATH = YES;
				SDKROOT = iphoneos;
				SWIFT_COMPILATION_MODE = wholemodule;
				SWIFT_OPTIMIZATION_LEVEL = "-O";
				VALIDATE_PRODUCT = YES;
			};
			name = Release;
		};
		E8BF3AB82A0FEBDB00F0D97A /* Debug */ = {
			isa = XCBuildConfiguration;
			buildSettings = {
				ASSETCATALOG_COMPILER_APPICON_NAME = AppIcon;
				ASSETCATALOG_COMPILER_GLOBAL_ACCENT_COLOR_NAME = AccentColor;
				CODE_SIGN_ENTITLEMENTS = menodag/menodag.entitlements;
				CODE_SIGN_STYLE = Automatic;
				CURRENT_PROJECT_VERSION = 15;
				DEVELOPMENT_TEAM = VBT94B5CQ8;
				GENERATE_INFOPLIST_FILE = YES;
				INFOPLIST_FILE = menodag/Info.plist;
				INFOPLIST_KEY_CFBundleDisplayName = "منوداق الكويت";
				INFOPLIST_KEY_LSApplicationCategoryType = "public.app-category.utilities";
				INFOPLIST_KEY_UIApplicationSupportsIndirectInputEvents = YES;
				INFOPLIST_KEY_UILaunchStoryboardName = LaunchScreen;
				INFOPLIST_KEY_UIMainStoryboardFile = Main;
				INFOPLIST_KEY_UISupportedInterfaceOrientations = UIInterfaceOrientationPortrait;
				INFOPLIST_KEY_UISupportedInterfaceOrientations_iPad = "UIInterfaceOrientationPortrait UIInterfaceOrientationPortraitUpsideDown";
				IPHONEOS_DEPLOYMENT_TARGET = 14.0;
				LD_RUNPATH_SEARCH_PATHS = (
					"$(inherited)",
					"@executable_path/Frameworks",
				);
				MARKETING_VERSION = 3.1;
				PRODUCT_BUNDLE_IDENTIFIER = com.sadah.menodag;
				PRODUCT_NAME = "$(TARGET_NAME)";
				SWIFT_EMIT_LOC_STRINGS = YES;
				SWIFT_VERSION = 5.0;
				TARGETED_DEVICE_FAMILY = "1,2";
			};
			name = Debug;
		};
		E8BF3AB92A0FEBDB00F0D97A /* Release */ = {
			isa = XCBuildConfiguration;
			buildSettings = {
				ASSETCATALOG_COMPILER_APPICON_NAME = AppIcon;
				ASSETCATALOG_COMPILER_GLOBAL_ACCENT_COLOR_NAME = AccentColor;
				CODE_SIGN_ENTITLEMENTS = menodag/menodag.entitlements;
				CODE_SIGN_STYLE = Automatic;
				CURRENT_PROJECT_VERSION = 15;
				DEVELOPMENT_TEAM = VBT94B5CQ8;
				GENERATE_INFOPLIST_FILE = YES;
				INFOPLIST_FILE = menodag/Info.plist;
				INFOPLIST_KEY_CFBundleDisplayName = "منوداق الكويت";
				INFOPLIST_KEY_LSApplicationCategoryType = "public.app-category.utilities";
				INFOPLIST_KEY_UIApplicationSupportsIndirectInputEvents = YES;
				INFOPLIST_KEY_UILaunchStoryboardName = LaunchScreen;
				INFOPLIST_KEY_UIMainStoryboardFile = Main;
				INFOPLIST_KEY_UISupportedInterfaceOrientations = UIInterfaceOrientationPortrait;
				INFOPLIST_KEY_UISupportedInterfaceOrientations_iPad = "UIInterfaceOrientationPortrait UIInterfaceOrientationPortraitUpsideDown";
				IPHONEOS_DEPLOYMENT_TARGET = 14.0;
				LD_RUNPATH_SEARCH_PATHS = (
					"$(inherited)",
					"@executable_path/Frameworks",
				);
				MARKETING_VERSION = 3.1;
				PRODUCT_BUNDLE_IDENTIFIER = com.sadah.menodag;
				PRODUCT_NAME = "$(TARGET_NAME)";
				SWIFT_EMIT_LOC_STRINGS = YES;
				SWIFT_VERSION = 5.0;
				TARGETED_DEVICE_FAMILY = "1,2";
			};
			name = Release;
		};
/* End XCBuildConfiguration section */

/* Begin XCConfigurationList section */
		E8BF3A9E2A0FEBD900F0D97A /* Build configuration list for PBXProject "menodag" */ = {
			isa = XCConfigurationList;
			buildConfigurations = (
				E8BF3AB52A0FEBDB00F0D97A /* Debug */,
				E8BF3AB62A0FEBDB00F0D97A /* Release */,
			);
			defaultConfigurationIsVisible = 0;
			defaultConfigurationName = Release;
		};
		E8BF3AB72A0FEBDB00F0D97A /* Build configuration list for PBXNativeTarget "menodag" */ = {
			isa = XCConfigurationList;
			buildConfigurations = (
				E8BF3AB82A0FEBDB00F0D97A /* Debug */,
				E8BF3AB92A0FEBDB00F0D97A /* Release */,
			);
			defaultConfigurationIsVisible = 0;
			defaultConfigurationName = Release;
		};
/* End XCConfigurationList section */

/* Begin XCRemoteSwiftPackageReference section */
		E83FC9152A21169600E6AA96 /* XCRemoteSwiftPackageReference "BJOTPViewController" */ = {
			isa = XCRemoteSwiftPackageReference;
			repositoryURL = "https://github.com/BadhanGanesh/BJOTPViewController.git";
			requirement = {
				branch = master;
				kind = branch;
			};
		};
		E83FC9182A21BBE100E6AA96 /* XCRemoteSwiftPackageReference "SSSpinnerButton" */ = {
			isa = XCRemoteSwiftPackageReference;
			repositoryURL = "https://github.com/SimformSolutionsPvtLtd/SSSpinnerButton.git";
			requirement = {
				kind = upToNextMajorVersion;
				minimumVersion = 3.0.0;
			};
		};
		E86E17AA2A18E07B0053A1E9 /* XCRemoteSwiftPackageReference "SwiftMessages" */ = {
			isa = XCRemoteSwiftPackageReference;
			repositoryURL = "https://github.com/SwiftKickMobile/SwiftMessages.git";
			requirement = {
				kind = upToNextMajorVersion;
				minimumVersion = 9.0.0;
			};
		};
		E86E17B02A18F6200053A1E9 /* XCRemoteSwiftPackageReference "firebase-ios-sdk" */ = {
			isa = XCRemoteSwiftPackageReference;
			repositoryURL = "https://github.com/firebase/firebase-ios-sdk.git";
			requirement = {
				kind = upToNextMajorVersion;
				minimumVersion = 9.0.0;
			};
		};
		E86E17C42A1949440053A1E9 /* XCRemoteSwiftPackageReference "UIGradient" */ = {
			isa = XCRemoteSwiftPackageReference;
			repositoryURL = "https://github.com/dqhieu/UIGradient.git";
			requirement = {
				kind = upToNextMajorVersion;
				minimumVersion = 1.0.0;
			};
		};
		E8BF3AD72A10B0C400F0D97A /* XCRemoteSwiftPackageReference "Localize-Swift" */ = {
			isa = XCRemoteSwiftPackageReference;
			repositoryURL = "https://github.com/marmelroy/Localize-Swift.git";
			requirement = {
				kind = upToNextMajorVersion;
				minimumVersion = 3.0.0;
			};
		};
		E8BF3AE52A12273800F0D97A /* XCRemoteSwiftPackageReference "MOLH" */ = {
			isa = XCRemoteSwiftPackageReference;
			repositoryURL = "https://github.com/MoathOthman/MOLH.git";
			requirement = {
				branch = master;
				kind = branch;
			};
		};
/* End XCRemoteSwiftPackageReference section */

/* Begin XCSwiftPackageProductDependency section */
		E83FC9162A21169600E6AA96 /* BJOTPViewController */ = {
			isa = XCSwiftPackageProductDependency;
			package = E83FC9152A21169600E6AA96 /* XCRemoteSwiftPackageReference "BJOTPViewController" */;
			productName = BJOTPViewController;
		};
		E83FC9192A21BBE100E6AA96 /* SSSpinnerButtonr */ = {
			isa = XCSwiftPackageProductDependency;
			package = E83FC9182A21BBE100E6AA96 /* XCRemoteSwiftPackageReference "SSSpinnerButton" */;
			productName = SSSpinnerButtonr;
		};
		E86E17AB2A18E07B0053A1E9 /* SwiftMessages */ = {
			isa = XCSwiftPackageProductDependency;
			package = E86E17AA2A18E07B0053A1E9 /* XCRemoteSwiftPackageReference "SwiftMessages" */;
			productName = SwiftMessages;
		};
		E86E17B12A18F6200053A1E9 /* FirebaseAuth */ = {
			isa = XCSwiftPackageProductDependency;
			package = E86E17B02A18F6200053A1E9 /* XCRemoteSwiftPackageReference "firebase-ios-sdk" */;
			productName = FirebaseAuth;
		};
		E86E17B32A18F6200053A1E9 /* FirebaseDatabaseSwift */ = {
			isa = XCSwiftPackageProductDependency;
			package = E86E17B02A18F6200053A1E9 /* XCRemoteSwiftPackageReference "firebase-ios-sdk" */;
			productName = FirebaseDatabaseSwift;
		};
		E86E17B52A18F6210053A1E9 /* FirebaseInAppMessagingSwift-Beta */ = {
			isa = XCSwiftPackageProductDependency;
			package = E86E17B02A18F6200053A1E9 /* XCRemoteSwiftPackageReference "firebase-ios-sdk" */;
			productName = "FirebaseInAppMessagingSwift-Beta";
		};
		E86E17B72A18F6210053A1E9 /* FirebaseMessaging */ = {
			isa = XCSwiftPackageProductDependency;
			package = E86E17B02A18F6200053A1E9 /* XCRemoteSwiftPackageReference "firebase-ios-sdk" */;
			productName = FirebaseMessaging;
		};
		E86E17B92A18F6210053A1E9 /* FirebaseRemoteConfigSwift */ = {
			isa = XCSwiftPackageProductDependency;
			package = E86E17B02A18F6200053A1E9 /* XCRemoteSwiftPackageReference "firebase-ios-sdk" */;
			productName = FirebaseRemoteConfigSwift;
		};
		E86E17BB2A18F6210053A1E9 /* FirebaseStorageCombine-Community */ = {
			isa = XCSwiftPackageProductDependency;
			package = E86E17B02A18F6200053A1E9 /* XCRemoteSwiftPackageReference "firebase-ios-sdk" */;
			productName = "FirebaseStorageCombine-Community";
		};
		E86E17C52A1949440053A1E9 /* UIGradient */ = {
			isa = XCSwiftPackageProductDependency;
			package = E86E17C42A1949440053A1E9 /* XCRemoteSwiftPackageReference "UIGradient" */;
			productName = UIGradient;
		};
		E8BF3AD82A10B0C400F0D97A /* Localize_Swift */ = {
			isa = XCSwiftPackageProductDependency;
			package = E8BF3AD72A10B0C400F0D97A /* XCRemoteSwiftPackageReference "Localize-Swift" */;
			productName = Localize_Swift;
		};
		E8BF3AE62A12273800F0D97A /* MOLH */ = {
			isa = XCSwiftPackageProductDependency;
			package = E8BF3AE52A12273800F0D97A /* XCRemoteSwiftPackageReference "MOLH" */;
			productName = MOLH;
		};
/* End XCSwiftPackageProductDependency section */
	};
	rootObject = E8BF3A9B2A0FEBD900F0D97A /* Project object */;
}
