// !$*UTF8*$!
{
	archiveVersion = 1;
	classes = {
	};
	objectVersion = 56;
	objects = {

/* Begin PBXBuildFile section */
		E832FF382A4E9EA200548120 /* UserCardTableViewCell.swift in Sources */ = {isa = PBXBuildFile; fileRef = E832FF362A4E9EA200548120 /* UserCardTableViewCell.swift */; };
		E832FF392A4E9EA200548120 /* UserCardTableViewCell.xib in Resources */ = {isa = PBXBuildFile; fileRef = E832FF372A4E9EA200548120 /* UserCardTableViewCell.xib */; };
		E832FF3C2A4EA7FF00548120 /* Longinus in Frameworks */ = {isa = PBXBuildFile; productRef = E832FF3B2A4EA7FF00548120 /* Longinus */; };
		E832FF442A4ECDD600548120 /* EmptyTableView.swift in Sources */ = {isa = PBXBuildFile; fileRef = E832FF432A4ECDD600548120 /* EmptyTableView.swift */; };
		E832FF462A4ECDE300548120 /* EmptyTableView.xib in Resources */ = {isa = PBXBuildFile; fileRef = E832FF452A4ECDE300548120 /* EmptyTableView.xib */; };
		E832FF482A4EEA4A00548120 /* ProfileViewController.swift in Sources */ = {isa = PBXBuildFile; fileRef = E832FF472A4EEA4A00548120 /* ProfileViewController.swift */; };
		E83A6A9C2A33456B0074D2F8 /* JWTDecode.swift in Sources */ = {isa = PBXBuildFile; fileRef = E83A6A992A33456B0074D2F8 /* JWTDecode.swift */; };
		E83A6A9D2A33456B0074D2F8 /* JWTDecodeError.swift in Sources */ = {isa = PBXBuildFile; fileRef = E83A6A9A2A33456B0074D2F8 /* JWTDecodeError.swift */; };
		E83A6A9E2A33456B0074D2F8 /* JWT.swift in Sources */ = {isa = PBXBuildFile; fileRef = E83A6A9B2A33456B0074D2F8 /* JWT.swift */; };
		E83A6AA02A34296A0074D2F8 /* Swap + FirebaseUsers.swift in Sources */ = {isa = PBXBuildFile; fileRef = E83A6A9F2A34296A0074D2F8 /* Swap + FirebaseUsers.swift */; };
		E83FC9172A21169600E6AA96 /* BJOTPViewController in Frameworks */ = {isa = PBXBuildFile; productRef = E83FC9162A21169600E6AA96 /* BJOTPViewController */; };
		E83FC91A2A21BBE100E6AA96 /* SSSpinnerButtonr in Frameworks */ = {isa = PBXBuildFile; productRef = E83FC9192A21BBE100E6AA96 /* SSSpinnerButtonr */; };
		E86E17AC2A18E07B0053A1E9 /* SwiftMessages in Frameworks */ = {isa = PBXBuildFile; productRef = E86E17AB2A18E07B0053A1E9 /* SwiftMessages */; };
		E86E17B22A18F6200053A1E9 /* FirebaseAuth in Frameworks */ = {isa = PBXBuildFile; productRef = E86E17B12A18F6200053A1E9 /* FirebaseAuth */; };
		E86E17B42A18F6210053A1E9 /* FirebaseDatabaseSwift in Frameworks */ = {isa = PBXBuildFile; productRef = E86E17B32A18F6200053A1E9 /* FirebaseDatabaseSwift */; };
		E86E17B62A18F6210053A1E9 /* FirebaseInAppMessagingSwift-Beta in Frameworks */ = {isa = PBXBuildFile; productRef = E86E17B52A18F6210053A1E9 /* FirebaseInAppMessagingSwift-Beta */; };
		E86E17B82A18F6210053A1E9 /* FirebaseMessaging in Frameworks */ = {isa = PBXBuildFile; productRef = E86E17B72A18F6210053A1E9 /* FirebaseMessaging */; };
		E86E17BA2A18F6210053A1E9 /* FirebaseRemoteConfigSwift in Frameworks */ = {isa = PBXBuildFile; productRef = E86E17B92A18F6210053A1E9 /* FirebaseRemoteConfigSwift */; };
		E86E17BC2A18F6210053A1E9 /* FirebaseStorageCombine-Community in Frameworks */ = {isa = PBXBuildFile; productRef = E86E17BB2A18F6210053A1E9 /* FirebaseStorageCombine-Community */; };
		E86E17BE2A18F7DA0053A1E9 /* GoogleService-Info.plist in Resources */ = {isa = PBXBuildFile; fileRef = E86E17BD2A18F7DA0053A1E9 /* GoogleService-Info.plist */; };
		E86E17C12A1940A40053A1E9 /* Menodag+String.swift in Sources */ = {isa = PBXBuildFile; fileRef = E86E17C02A1940A40053A1E9 /* Menodag+String.swift */; };
		E86E17C32A19410B0053A1E9 /* Menodag+View.swift in Sources */ = {isa = PBXBuildFile; fileRef = E86E17C22A19410B0053A1E9 /* Menodag+View.swift */; };
		E86E17C62A1949440053A1E9 /* UIGradient in Frameworks */ = {isa = PBXBuildFile; productRef = E86E17C52A1949440053A1E9 /* UIGradient */; };
		E86E17C82A194A780053A1E9 /* Menodag+UIColor.swift in Sources */ = {isa = PBXBuildFile; fileRef = E86E17C72A194A780053A1E9 /* Menodag+UIColor.swift */; };
		E87A42F02A505A8E00658AB6 /* ProductsViewController.swift in Sources */ = {isa = PBXBuildFile; fileRef = E87A42EF2A505A8E00658AB6 /* ProductsViewController.swift */; };
		E87A42FB2A506ED200658AB6 /* ProductHistory.swift in Sources */ = {isa = PBXBuildFile; fileRef = E87A42FA2A506ED200658AB6 /* ProductHistory.swift */; };
		E87A42FE2A50A47000658AB6 /* CardTableViewCell.swift in Sources */ = {isa = PBXBuildFile; fileRef = E87A42FC2A50A47000658AB6 /* CardTableViewCell.swift */; };
		E87A42FF2A50A47000658AB6 /* CardTableViewCell.xib in Resources */ = {isa = PBXBuildFile; fileRef = E87A42FD2A50A47000658AB6 /* CardTableViewCell.xib */; };
		E87A436E2A514C8800658AB6 /* ImageSparkViewFactory.swift in Sources */ = {isa = PBXBuildFile; fileRef = E87A43542A514C8800658AB6 /* ImageSparkViewFactory.swift */; };
		E87A436F2A514C8800658AB6 /* CircleColorSparkViewFactory.swift in Sources */ = {isa = PBXBuildFile; fileRef = E87A43552A514C8800658AB6 /* CircleColorSparkViewFactory.swift */; };
		E87A43702A514C8800658AB6 /* CircleColorSparkView.swift in Sources */ = {isa = PBXBuildFile; fileRef = E87A43562A514C8800658AB6 /* CircleColorSparkView.swift */; };
		E87A43712A514C8800658AB6 /* ImageSparkView.swift in Sources */ = {isa = PBXBuildFile; fileRef = E87A43572A514C8800658AB6 /* ImageSparkView.swift */; };
		E87A43722A514C8800658AB6 /* CGPoint+Extensions.swift in Sources */ = {isa = PBXBuildFile; fileRef = E87A43592A514C8800658AB6 /* CGPoint+Extensions.swift */; };
		E87A43732A514C8800658AB6 /* SparkTrajectory.swift in Sources */ = {isa = PBXBuildFile; fileRef = E87A435B2A514C8800658AB6 /* SparkTrajectory.swift */; };
		E87A43742A514C8800658AB6 /* SparkTrajectoryFactory.swift in Sources */ = {isa = PBXBuildFile; fileRef = E87A435C2A514C8800658AB6 /* SparkTrajectoryFactory.swift */; };
		E87A43752A514C8800658AB6 /* FireworkSparkScheduler.swift in Sources */ = {isa = PBXBuildFile; fileRef = E87A435D2A514C8800658AB6 /* FireworkSparkScheduler.swift */; };
		E87A43762A514C8800658AB6 /* Firework.swift in Sources */ = {isa = PBXBuildFile; fileRef = E87A435E2A514C8800658AB6 /* Firework.swift */; };
		E87A43772A514C8800658AB6 /* SparkViewAnimator.swift in Sources */ = {isa = PBXBuildFile; fileRef = E87A435F2A514C8800658AB6 /* SparkViewAnimator.swift */; };
		E87A43782A514C8800658AB6 /* SparkView.swift in Sources */ = {isa = PBXBuildFile; fileRef = E87A43602A514C8800658AB6 /* SparkView.swift */; };
		E87A43792A514C8800658AB6 /* SparkViewFactory.swift in Sources */ = {isa = PBXBuildFile; fileRef = E87A43612A514C8800658AB6 /* SparkViewFactory.swift */; };
		E87A437A2A514C8800658AB6 /* FireworkSpark.swift in Sources */ = {isa = PBXBuildFile; fileRef = E87A43622A514C8800658AB6 /* FireworkSpark.swift */; };
		E87A437B2A514C8800658AB6 /* FountainFirework.swift in Sources */ = {isa = PBXBuildFile; fileRef = E87A43642A514C8800658AB6 /* FountainFirework.swift */; };
		E87A437C2A514C8800658AB6 /* FountainFireworkAnimator.swift in Sources */ = {isa = PBXBuildFile; fileRef = E87A43652A514C8800658AB6 /* FountainFireworkAnimator.swift */; };
		E87A437D2A514C8800658AB6 /* FountainFireworkController.swift in Sources */ = {isa = PBXBuildFile; fileRef = E87A43662A514C8800658AB6 /* FountainFireworkController.swift */; };
		E87A437E2A514C8800658AB6 /* FountainSparkTrajectoryFactory.swift in Sources */ = {isa = PBXBuildFile; fileRef = E87A43672A514C8800658AB6 /* FountainSparkTrajectoryFactory.swift */; };
		E87A437F2A514C8800658AB6 /* ClassicSparkTrajectoryFactoryProtocol.swift in Sources */ = {isa = PBXBuildFile; fileRef = E87A43692A514C8800658AB6 /* ClassicSparkTrajectoryFactoryProtocol.swift */; };
		E87A43802A514C8800658AB6 /* ClassicFireworkController.swift in Sources */ = {isa = PBXBuildFile; fileRef = E87A436A2A514C8800658AB6 /* ClassicFireworkController.swift */; };
		E87A43812A514C8800658AB6 /* ClassicSparkTrajectoryFactory.swift in Sources */ = {isa = PBXBuildFile; fileRef = E87A436B2A514C8800658AB6 /* ClassicSparkTrajectoryFactory.swift */; };
		E87A43822A514C8800658AB6 /* ClassicFireworkAnimator.swift in Sources */ = {isa = PBXBuildFile; fileRef = E87A436C2A514C8800658AB6 /* ClassicFireworkAnimator.swift */; };
		E87A43832A514C8800658AB6 /* ClassicFirework.swift in Sources */ = {isa = PBXBuildFile; fileRef = E87A436D2A514C8800658AB6 /* ClassicFirework.swift */; };
		E87A43862A5161D700658AB6 /* KeychainStore in Frameworks */ = {isa = PBXBuildFile; productRef = E87A43852A5161D700658AB6 /* KeychainStore */; };
		E87A43882A5164DD00658AB6 /* Menodag+Keychain.swift in Sources */ = {isa = PBXBuildFile; fileRef = E87A43872A5164DD00658AB6 /* Menodag+Keychain.swift */; };
		E87A438A2A51829400658AB6 /* Menodag+Array.swift in Sources */ = {isa = PBXBuildFile; fileRef = E87A43892A51829400658AB6 /* Menodag+Array.swift */; };
		E87A438C2A51917C00658AB6 /* SearchResultsViewController.swift in Sources */ = {isa = PBXBuildFile; fileRef = E87A438B2A51917C00658AB6 /* SearchResultsViewController.swift */; };
		E891713F2A45BB8A000223C2 /* PersonalInfoViewController.swift in Sources */ = {isa = PBXBuildFile; fileRef = E891713E2A45BB8A000223C2 /* PersonalInfoViewController.swift */; };
		E89171422A45C2BD000223C2 /* Hero in Frameworks */ = {isa = PBXBuildFile; productRef = E89171412A45C2BD000223C2 /* Hero */; };
		E89171442A45C5EE000223C2 /* Constants.swift in Sources */ = {isa = PBXBuildFile; fileRef = E89171432A45C5EE000223C2 /* Constants.swift */; };
		E89171472A461A56000223C2 /* YPImagePicker in Frameworks */ = {isa = PBXBuildFile; productRef = E89171462A461A56000223C2 /* YPImagePicker */; };
		E891714A2A461B96000223C2 /* InitialsImageView in Frameworks */ = {isa = PBXBuildFile; productRef = E89171492A461B96000223C2 /* InitialsImageView */; };
		E891714D2A46A269000223C2 /* UserCard.swift in Sources */ = {isa = PBXBuildFile; fileRef = E891714C2A46A269000223C2 /* UserCard.swift */; };
		E89171782A4ABCA9000223C2 /* IQKeyboardManagerSwift in Frameworks */ = {isa = PBXBuildFile; productRef = E89171772A4ABCA9000223C2 /* IQKeyboardManagerSwift */; };
		E891717D2A4AD919000223C2 /* Toast in Frameworks */ = {isa = PBXBuildFile; productRef = E891717C2A4AD919000223C2 /* Toast */; };
		E891717F2A4AE740000223C2 /* BusinessInfoViewController.swift in Sources */ = {isa = PBXBuildFile; fileRef = E891717E2A4AE740000223C2 /* BusinessInfoViewController.swift */; };
		E89171812A4AFCC1000223C2 /* SocialMedia.swift in Sources */ = {isa = PBXBuildFile; fileRef = E89171802A4AFCC1000223C2 /* SocialMedia.swift */; };
		E89171832A4AFCD0000223C2 /* SocialMedia.xib in Resources */ = {isa = PBXBuildFile; fileRef = E89171822A4AFCD0000223C2 /* SocialMedia.xib */; };
		E89171862A4C305F000223C2 /* ViewAnimator in Frameworks */ = {isa = PBXBuildFile; productRef = E89171852A4C305F000223C2 /* ViewAnimator */; };
		E89171882A4C4A93000223C2 /* Menodag+UIImage.swift in Sources */ = {isa = PBXBuildFile; fileRef = E89171872A4C4A93000223C2 /* Menodag+UIImage.swift */; };
		E891718B2A4C78EC000223C2 /* HomePageViewController.swift in Sources */ = {isa = PBXBuildFile; fileRef = E891718A2A4C78EC000223C2 /* HomePageViewController.swift */; };
		E891718D2A4D57ED000223C2 /* Menodag+UITextField.swift in Sources */ = {isa = PBXBuildFile; fileRef = E891718C2A4D57ED000223C2 /* Menodag+UITextField.swift */; };
		E89171902A4D6523000223C2 /* HMSegmentedControl in Frameworks */ = {isa = PBXBuildFile; productRef = E891718F2A4D6523000223C2 /* HMSegmentedControl */; };
		E8BF3AA72A0FEBD900F0D97A /* AppDelegate.swift in Sources */ = {isa = PBXBuildFile; fileRef = E8BF3AA62A0FEBD900F0D97A /* AppDelegate.swift */; };
		E8BF3AA92A0FEBD900F0D97A /* SceneDelegate.swift in Sources */ = {isa = PBXBuildFile; fileRef = E8BF3AA82A0FEBD900F0D97A /* SceneDelegate.swift */; };
		E8BF3AAB2A0FEBD900F0D97A /* ViewController.swift in Sources */ = {isa = PBXBuildFile; fileRef = E8BF3AAA2A0FEBD900F0D97A /* ViewController.swift */; };
		E8BF3AAE2A0FEBD900F0D97A /* Main.storyboard in Resources */ = {isa = PBXBuildFile; fileRef = E8BF3AAC2A0FEBD900F0D97A /* Main.storyboard */; };
		E8BF3AB02A0FEBDB00F0D97A /* Assets.xcassets in Resources */ = {isa = PBXBuildFile; fileRef = E8BF3AAF2A0FEBDB00F0D97A /* Assets.xcassets */; };
		E8BF3AB32A0FEBDB00F0D97A /* LaunchScreen.storyboard in Resources */ = {isa = PBXBuildFile; fileRef = E8BF3AB12A0FEBDB00F0D97A /* LaunchScreen.storyboard */; };
		E8BF3AC22A0FF4DA00F0D97A /* Poppins-Medium.ttf in Resources */ = {isa = PBXBuildFile; fileRef = E8BF3ABB2A0FF4DA00F0D97A /* Poppins-Medium.ttf */; };
		E8BF3AC32A0FF4DA00F0D97A /* Poppins-Regular.ttf in Resources */ = {isa = PBXBuildFile; fileRef = E8BF3ABC2A0FF4DA00F0D97A /* Poppins-Regular.ttf */; };
		E8BF3AC42A0FF4DA00F0D97A /* Poppins-ExtraLight.ttf in Resources */ = {isa = PBXBuildFile; fileRef = E8BF3ABD2A0FF4DA00F0D97A /* Poppins-ExtraLight.ttf */; };
		E8BF3AC52A0FF4DA00F0D97A /* Poppins-Bold.ttf in Resources */ = {isa = PBXBuildFile; fileRef = E8BF3ABE2A0FF4DA00F0D97A /* Poppins-Bold.ttf */; };
		E8BF3AC62A0FF4DA00F0D97A /* Poppins-Black.ttf in Resources */ = {isa = PBXBuildFile; fileRef = E8BF3ABF2A0FF4DA00F0D97A /* Poppins-Black.ttf */; };
		E8BF3AC72A0FF4DA00F0D97A /* Poppins-ExtraBold.ttf in Resources */ = {isa = PBXBuildFile; fileRef = E8BF3AC02A0FF4DA00F0D97A /* Poppins-ExtraBold.ttf */; };
		E8BF3AC82A0FF4DA00F0D97A /* Poppins-Light.ttf in Resources */ = {isa = PBXBuildFile; fileRef = E8BF3AC12A0FF4DA00F0D97A /* Poppins-Light.ttf */; };
		E8BF3AD02A0FF4E700F0D97A /* Tajawal-ExtraBold.ttf in Resources */ = {isa = PBXBuildFile; fileRef = E8BF3AC92A0FF4E600F0D97A /* Tajawal-ExtraBold.ttf */; };
		E8BF3AD12A0FF4E700F0D97A /* Tajawal-Black.ttf in Resources */ = {isa = PBXBuildFile; fileRef = E8BF3ACA2A0FF4E600F0D97A /* Tajawal-Black.ttf */; };
		E8BF3AD22A0FF4E700F0D97A /* Tajawal-Regular.ttf in Resources */ = {isa = PBXBuildFile; fileRef = E8BF3ACB2A0FF4E600F0D97A /* Tajawal-Regular.ttf */; };
		E8BF3AD32A0FF4E700F0D97A /* Tajawal-Medium.ttf in Resources */ = {isa = PBXBuildFile; fileRef = E8BF3ACC2A0FF4E600F0D97A /* Tajawal-Medium.ttf */; };
		E8BF3AD42A0FF4E700F0D97A /* Tajawal-ExtraLight.ttf in Resources */ = {isa = PBXBuildFile; fileRef = E8BF3ACD2A0FF4E700F0D97A /* Tajawal-ExtraLight.ttf */; };
		E8BF3AD52A0FF4E700F0D97A /* Tajawal-Bold.ttf in Resources */ = {isa = PBXBuildFile; fileRef = E8BF3ACE2A0FF4E700F0D97A /* Tajawal-Bold.ttf */; };
		E8BF3AD62A0FF4E700F0D97A /* Tajawal-Light.ttf in Resources */ = {isa = PBXBuildFile; fileRef = E8BF3ACF2A0FF4E700F0D97A /* Tajawal-Light.ttf */; };
		E8BF3AD92A10B0C400F0D97A /* Localize_Swift in Frameworks */ = {isa = PBXBuildFile; productRef = E8BF3AD82A10B0C400F0D97A /* Localize_Swift */; };
		E8BF3ADB2A10B0CF00F0D97A /* MenodagFont.swift in Sources */ = {isa = PBXBuildFile; fileRef = E8BF3ADA2A10B0CF00F0D97A /* MenodagFont.swift */; };
		E8BF3AE22A12111F00F0D97A /* localisation.json in Resources */ = {isa = PBXBuildFile; fileRef = E8BF3AE12A12111F00F0D97A /* localisation.json */; };
		E8BF3AE42A12152800F0D97A /* LocalisationModel.swift in Sources */ = {isa = PBXBuildFile; fileRef = E8BF3AE32A12152800F0D97A /* LocalisationModel.swift */; };
		E8BF3AE72A12273800F0D97A /* MOLH in Frameworks */ = {isa = PBXBuildFile; productRef = E8BF3AE62A12273800F0D97A /* MOLH */; };
/* End PBXBuildFile section */

/* Begin PBXFileReference section */
		E832FF362A4E9EA200548120 /* UserCardTableViewCell.swift */ = {isa = PBXFileReference; lastKnownFileType = sourcecode.swift; path = UserCardTableViewCell.swift; sourceTree = "<group>"; };
		E832FF372A4E9EA200548120 /* UserCardTableViewCell.xib */ = {isa = PBXFileReference; lastKnownFileType = file.xib; path = UserCardTableViewCell.xib; sourceTree = "<group>"; };
		E832FF432A4ECDD600548120 /* EmptyTableView.swift */ = {isa = PBXFileReference; lastKnownFileType = sourcecode.swift; path = EmptyTableView.swift; sourceTree = "<group>"; };
		E832FF452A4ECDE300548120 /* EmptyTableView.xib */ = {isa = PBXFileReference; lastKnownFileType = file.xib; path = EmptyTableView.xib; sourceTree = "<group>"; };
		E832FF472A4EEA4A00548120 /* ProfileViewController.swift */ = {isa = PBXFileReference; lastKnownFileType = sourcecode.swift; path = ProfileViewController.swift; sourceTree = "<group>"; };
		E83A6A992A33456B0074D2F8 /* JWTDecode.swift */ = {isa = PBXFileReference; fileEncoding = 4; lastKnownFileType = sourcecode.swift; path = JWTDecode.swift; sourceTree = "<group>"; };
		E83A6A9A2A33456B0074D2F8 /* JWTDecodeError.swift */ = {isa = PBXFileReference; fileEncoding = 4; lastKnownFileType = sourcecode.swift; path = JWTDecodeError.swift; sourceTree = "<group>"; };
		E83A6A9B2A33456B0074D2F8 /* JWT.swift */ = {isa = PBXFileReference; fileEncoding = 4; lastKnownFileType = sourcecode.swift; path = JWT.swift; sourceTree = "<group>"; };
		E83A6A9F2A34296A0074D2F8 /* Swap + FirebaseUsers.swift */ = {isa = PBXFileReference; lastKnownFileType = sourcecode.swift; path = "Swap + FirebaseUsers.swift"; sourceTree = "<group>"; };
		E86E17A92A18D80B0053A1E9 /* menodag.entitlements */ = {isa = PBXFileReference; lastKnownFileType = text.plist.entitlements; path = menodag.entitlements; sourceTree = "<group>"; };
		E86E17BD2A18F7DA0053A1E9 /* GoogleService-Info.plist */ = {isa = PBXFileReference; fileEncoding = 4; lastKnownFileType = text.plist.xml; path = "GoogleService-Info.plist"; sourceTree = "<group>"; };
		E86E17C02A1940A40053A1E9 /* Menodag+String.swift */ = {isa = PBXFileReference; lastKnownFileType = sourcecode.swift; path = "Menodag+String.swift"; sourceTree = "<group>"; };
		E86E17C22A19410B0053A1E9 /* Menodag+View.swift */ = {isa = PBXFileReference; lastKnownFileType = sourcecode.swift; path = "Menodag+View.swift"; sourceTree = "<group>"; };
		E86E17C72A194A780053A1E9 /* Menodag+UIColor.swift */ = {isa = PBXFileReference; lastKnownFileType = sourcecode.swift; path = "Menodag+UIColor.swift"; sourceTree = "<group>"; };
		E87A42EF2A505A8E00658AB6 /* ProductsViewController.swift */ = {isa = PBXFileReference; lastKnownFileType = sourcecode.swift; path = ProductsViewController.swift; sourceTree = "<group>"; };
		E87A42FA2A506ED200658AB6 /* ProductHistory.swift */ = {isa = PBXFileReference; lastKnownFileType = sourcecode.swift; path = ProductHistory.swift; sourceTree = "<group>"; };
		E87A42FC2A50A47000658AB6 /* CardTableViewCell.swift */ = {isa = PBXFileReference; fileEncoding = 4; lastKnownFileType = sourcecode.swift; path = CardTableViewCell.swift; sourceTree = "<group>"; };
		E87A42FD2A50A47000658AB6 /* CardTableViewCell.xib */ = {isa = PBXFileReference; fileEncoding = 4; lastKnownFileType = file.xib; path = CardTableViewCell.xib; sourceTree = "<group>"; };
		E87A43542A514C8800658AB6 /* ImageSparkViewFactory.swift */ = {isa = PBXFileReference; fileEncoding = 4; lastKnownFileType = sourcecode.swift; path = ImageSparkViewFactory.swift; sourceTree = "<group>"; };
		E87A43552A514C8800658AB6 /* CircleColorSparkViewFactory.swift */ = {isa = PBXFileReference; fileEncoding = 4; lastKnownFileType = sourcecode.swift; path = CircleColorSparkViewFactory.swift; sourceTree = "<group>"; };
		E87A43562A514C8800658AB6 /* CircleColorSparkView.swift */ = {isa = PBXFileReference; fileEncoding = 4; lastKnownFileType = sourcecode.swift; path = CircleColorSparkView.swift; sourceTree = "<group>"; };
		E87A43572A514C8800658AB6 /* ImageSparkView.swift */ = {isa = PBXFileReference; fileEncoding = 4; lastKnownFileType = sourcecode.swift; path = ImageSparkView.swift; sourceTree = "<group>"; };
		E87A43592A514C8800658AB6 /* CGPoint+Extensions.swift */ = {isa = PBXFileReference; fileEncoding = 4; lastKnownFileType = sourcecode.swift; path = "CGPoint+Extensions.swift"; sourceTree = "<group>"; };
		E87A435B2A514C8800658AB6 /* SparkTrajectory.swift */ = {isa = PBXFileReference; fileEncoding = 4; lastKnownFileType = sourcecode.swift; path = SparkTrajectory.swift; sourceTree = "<group>"; };
		E87A435C2A514C8800658AB6 /* SparkTrajectoryFactory.swift */ = {isa = PBXFileReference; fileEncoding = 4; lastKnownFileType = sourcecode.swift; path = SparkTrajectoryFactory.swift; sourceTree = "<group>"; };
		E87A435D2A514C8800658AB6 /* FireworkSparkScheduler.swift */ = {isa = PBXFileReference; fileEncoding = 4; lastKnownFileType = sourcecode.swift; path = FireworkSparkScheduler.swift; sourceTree = "<group>"; };
		E87A435E2A514C8800658AB6 /* Firework.swift */ = {isa = PBXFileReference; fileEncoding = 4; lastKnownFileType = sourcecode.swift; path = Firework.swift; sourceTree = "<group>"; };
		E87A435F2A514C8800658AB6 /* SparkViewAnimator.swift */ = {isa = PBXFileReference; fileEncoding = 4; lastKnownFileType = sourcecode.swift; path = SparkViewAnimator.swift; sourceTree = "<group>"; };
		E87A43602A514C8800658AB6 /* SparkView.swift */ = {isa = PBXFileReference; fileEncoding = 4; lastKnownFileType = sourcecode.swift; path = SparkView.swift; sourceTree = "<group>"; };
		E87A43612A514C8800658AB6 /* SparkViewFactory.swift */ = {isa = PBXFileReference; fileEncoding = 4; lastKnownFileType = sourcecode.swift; path = SparkViewFactory.swift; sourceTree = "<group>"; };
		E87A43622A514C8800658AB6 /* FireworkSpark.swift */ = {isa = PBXFileReference; fileEncoding = 4; lastKnownFileType = sourcecode.swift; path = FireworkSpark.swift; sourceTree = "<group>"; };
		E87A43642A514C8800658AB6 /* FountainFirework.swift */ = {isa = PBXFileReference; fileEncoding = 4; lastKnownFileType = sourcecode.swift; path = FountainFirework.swift; sourceTree = "<group>"; };
		E87A43652A514C8800658AB6 /* FountainFireworkAnimator.swift */ = {isa = PBXFileReference; fileEncoding = 4; lastKnownFileType = sourcecode.swift; path = FountainFireworkAnimator.swift; sourceTree = "<group>"; };
		E87A43662A514C8800658AB6 /* FountainFireworkController.swift */ = {isa = PBXFileReference; fileEncoding = 4; lastKnownFileType = sourcecode.swift; path = FountainFireworkController.swift; sourceTree = "<group>"; };
		E87A43672A514C8800658AB6 /* FountainSparkTrajectoryFactory.swift */ = {isa = PBXFileReference; fileEncoding = 4; lastKnownFileType = sourcecode.swift; path = FountainSparkTrajectoryFactory.swift; sourceTree = "<group>"; };
		E87A43692A514C8800658AB6 /* ClassicSparkTrajectoryFactoryProtocol.swift */ = {isa = PBXFileReference; fileEncoding = 4; lastKnownFileType = sourcecode.swift; path = ClassicSparkTrajectoryFactoryProtocol.swift; sourceTree = "<group>"; };
		E87A436A2A514C8800658AB6 /* ClassicFireworkController.swift */ = {isa = PBXFileReference; fileEncoding = 4; lastKnownFileType = sourcecode.swift; path = ClassicFireworkController.swift; sourceTree = "<group>"; };
		E87A436B2A514C8800658AB6 /* ClassicSparkTrajectoryFactory.swift */ = {isa = PBXFileReference; fileEncoding = 4; lastKnownFileType = sourcecode.swift; path = ClassicSparkTrajectoryFactory.swift; sourceTree = "<group>"; };
		E87A436C2A514C8800658AB6 /* ClassicFireworkAnimator.swift */ = {isa = PBXFileReference; fileEncoding = 4; lastKnownFileType = sourcecode.swift; path = ClassicFireworkAnimator.swift; sourceTree = "<group>"; };
		E87A436D2A514C8800658AB6 /* ClassicFirework.swift */ = {isa = PBXFileReference; fileEncoding = 4; lastKnownFileType = sourcecode.swift; path = ClassicFirework.swift; sourceTree = "<group>"; };
		E87A43872A5164DD00658AB6 /* Menodag+Keychain.swift */ = {isa = PBXFileReference; lastKnownFileType = sourcecode.swift; path = "Menodag+Keychain.swift"; sourceTree = "<group>"; };
		E87A43892A51829400658AB6 /* Menodag+Array.swift */ = {isa = PBXFileReference; lastKnownFileType = sourcecode.swift; path = "Menodag+Array.swift"; sourceTree = "<group>"; };
		E87A438B2A51917C00658AB6 /* SearchResultsViewController.swift */ = {isa = PBXFileReference; lastKnownFileType = sourcecode.swift; path = SearchResultsViewController.swift; sourceTree = "<group>"; };
		E891713E2A45BB8A000223C2 /* PersonalInfoViewController.swift */ = {isa = PBXFileReference; lastKnownFileType = sourcecode.swift; path = PersonalInfoViewController.swift; sourceTree = "<group>"; };
		E89171432A45C5EE000223C2 /* Constants.swift */ = {isa = PBXFileReference; lastKnownFileType = sourcecode.swift; path = Constants.swift; sourceTree = "<group>"; };
		E891714C2A46A269000223C2 /* UserCard.swift */ = {isa = PBXFileReference; lastKnownFileType = sourcecode.swift; path = UserCard.swift; sourceTree = "<group>"; };
		E891717E2A4AE740000223C2 /* BusinessInfoViewController.swift */ = {isa = PBXFileReference; lastKnownFileType = sourcecode.swift; path = BusinessInfoViewController.swift; sourceTree = "<group>"; };
		E89171802A4AFCC1000223C2 /* SocialMedia.swift */ = {isa = PBXFileReference; lastKnownFileType = sourcecode.swift; path = SocialMedia.swift; sourceTree = "<group>"; };
		E89171822A4AFCD0000223C2 /* SocialMedia.xib */ = {isa = PBXFileReference; lastKnownFileType = file.xib; path = SocialMedia.xib; sourceTree = "<group>"; };
		E89171872A4C4A93000223C2 /* Menodag+UIImage.swift */ = {isa = PBXFileReference; lastKnownFileType = sourcecode.swift; path = "Menodag+UIImage.swift"; sourceTree = "<group>"; };
		E891718A2A4C78EC000223C2 /* HomePageViewController.swift */ = {isa = PBXFileReference; lastKnownFileType = sourcecode.swift; path = HomePageViewController.swift; sourceTree = "<group>"; };
		E891718C2A4D57ED000223C2 /* Menodag+UITextField.swift */ = {isa = PBXFileReference; lastKnownFileType = sourcecode.swift; path = "Menodag+UITextField.swift"; sourceTree = "<group>"; };
		E8BF3AA32A0FEBD900F0D97A /* menodag.app */ = {isa = PBXFileReference; explicitFileType = wrapper.application; includeInIndex = 0; path = menodag.app; sourceTree = BUILT_PRODUCTS_DIR; };
		E8BF3AA62A0FEBD900F0D97A /* AppDelegate.swift */ = {isa = PBXFileReference; lastKnownFileType = sourcecode.swift; path = AppDelegate.swift; sourceTree = "<group>"; };
		E8BF3AA82A0FEBD900F0D97A /* SceneDelegate.swift */ = {isa = PBXFileReference; lastKnownFileType = sourcecode.swift; path = SceneDelegate.swift; sourceTree = "<group>"; };
		E8BF3AAA2A0FEBD900F0D97A /* ViewController.swift */ = {isa = PBXFileReference; lastKnownFileType = sourcecode.swift; path = ViewController.swift; sourceTree = "<group>"; };
		E8BF3AAD2A0FEBD900F0D97A /* Base */ = {isa = PBXFileReference; lastKnownFileType = file.storyboard; name = Base; path = Base.lproj/Main.storyboard; sourceTree = "<group>"; };
		E8BF3AAF2A0FEBDB00F0D97A /* Assets.xcassets */ = {isa = PBXFileReference; lastKnownFileType = folder.assetcatalog; path = Assets.xcassets; sourceTree = "<group>"; };
		E8BF3AB22A0FEBDB00F0D97A /* Base */ = {isa = PBXFileReference; lastKnownFileType = file.storyboard; name = Base; path = Base.lproj/LaunchScreen.storyboard; sourceTree = "<group>"; };
		E8BF3AB42A0FEBDB00F0D97A /* Info.plist */ = {isa = PBXFileReference; lastKnownFileType = text.plist.xml; path = Info.plist; sourceTree = "<group>"; };
		E8BF3ABB2A0FF4DA00F0D97A /* Poppins-Medium.ttf */ = {isa = PBXFileReference; lastKnownFileType = file; path = "Poppins-Medium.ttf"; sourceTree = "<group>"; };
		E8BF3ABC2A0FF4DA00F0D97A /* Poppins-Regular.ttf */ = {isa = PBXFileReference; lastKnownFileType = file; path = "Poppins-Regular.ttf"; sourceTree = "<group>"; };
		E8BF3ABD2A0FF4DA00F0D97A /* Poppins-ExtraLight.ttf */ = {isa = PBXFileReference; lastKnownFileType = file; path = "Poppins-ExtraLight.ttf"; sourceTree = "<group>"; };
		E8BF3ABE2A0FF4DA00F0D97A /* Poppins-Bold.ttf */ = {isa = PBXFileReference; lastKnownFileType = file; path = "Poppins-Bold.ttf"; sourceTree = "<group>"; };
		E8BF3ABF2A0FF4DA00F0D97A /* Poppins-Black.ttf */ = {isa = PBXFileReference; lastKnownFileType = file; path = "Poppins-Black.ttf"; sourceTree = "<group>"; };
		E8BF3AC02A0FF4DA00F0D97A /* Poppins-ExtraBold.ttf */ = {isa = PBXFileReference; lastKnownFileType = file; path = "Poppins-ExtraBold.ttf"; sourceTree = "<group>"; };
		E8BF3AC12A0FF4DA00F0D97A /* Poppins-Light.ttf */ = {isa = PBXFileReference; lastKnownFileType = file; path = "Poppins-Light.ttf"; sourceTree = "<group>"; };
		E8BF3AC92A0FF4E600F0D97A /* Tajawal-ExtraBold.ttf */ = {isa = PBXFileReference; lastKnownFileType = file; path = "Tajawal-ExtraBold.ttf"; sourceTree = "<group>"; };
		E8BF3ACA2A0FF4E600F0D97A /* Tajawal-Black.ttf */ = {isa = PBXFileReference; lastKnownFileType = file; path = "Tajawal-Black.ttf"; sourceTree = "<group>"; };
		E8BF3ACB2A0FF4E600F0D97A /* Tajawal-Regular.ttf */ = {isa = PBXFileReference; lastKnownFileType = file; path = "Tajawal-Regular.ttf"; sourceTree = "<group>"; };
		E8BF3ACC2A0FF4E600F0D97A /* Tajawal-Medium.ttf */ = {isa = PBXFileReference; lastKnownFileType = file; path = "Tajawal-Medium.ttf"; sourceTree = "<group>"; };
		E8BF3ACD2A0FF4E700F0D97A /* Tajawal-ExtraLight.ttf */ = {isa = PBXFileReference; lastKnownFileType = file; path = "Tajawal-ExtraLight.ttf"; sourceTree = "<group>"; };
		E8BF3ACE2A0FF4E700F0D97A /* Tajawal-Bold.ttf */ = {isa = PBXFileReference; lastKnownFileType = file; path = "Tajawal-Bold.ttf"; sourceTree = "<group>"; };
		E8BF3ACF2A0FF4E700F0D97A /* Tajawal-Light.ttf */ = {isa = PBXFileReference; lastKnownFileType = file; path = "Tajawal-Light.ttf"; sourceTree = "<group>"; };
		E8BF3ADA2A10B0CF00F0D97A /* MenodagFont.swift */ = {isa = PBXFileReference; lastKnownFileType = sourcecode.swift; path = MenodagFont.swift; sourceTree = "<group>"; };
		E8BF3AE12A12111F00F0D97A /* localisation.json */ = {isa = PBXFileReference; lastKnownFileType = text.json; path = localisation.json; sourceTree = "<group>"; };
		E8BF3AE32A12152800F0D97A /* LocalisationModel.swift */ = {isa = PBXFileReference; lastKnownFileType = sourcecode.swift; path = LocalisationModel.swift; sourceTree = "<group>"; };
/* End PBXFileReference section */

/* Begin PBXFrameworksBuildPhase section */
		E8BF3AA02A0FEBD900F0D97A /* Frameworks */ = {
			isa = PBXFrameworksBuildPhase;
			buildActionMask = 2147483647;
			files = (
				E86E17B82A18F6210053A1E9 /* FirebaseMessaging in Frameworks */,
				E89171422A45C2BD000223C2 /* Hero in Frameworks */,
				E891714A2A461B96000223C2 /* InitialsImageView in Frameworks */,
				E83FC91A2A21BBE100E6AA96 /* SSSpinnerButtonr in Frameworks */,
				E86E17B42A18F6210053A1E9 /* FirebaseDatabaseSwift in Frameworks */,
				E89171902A4D6523000223C2 /* HMSegmentedControl in Frameworks */,
				E86E17BC2A18F6210053A1E9 /* FirebaseStorageCombine-Community in Frameworks */,
				E832FF3C2A4EA7FF00548120 /* Longinus in Frameworks */,
				E8BF3AE72A12273800F0D97A /* MOLH in Frameworks */,
				E87A43862A5161D700658AB6 /* KeychainStore in Frameworks */,
				E86E17BA2A18F6210053A1E9 /* FirebaseRemoteConfigSwift in Frameworks */,
				E86E17C62A1949440053A1E9 /* UIGradient in Frameworks */,
				E89171782A4ABCA9000223C2 /* IQKeyboardManagerSwift in Frameworks */,
				E86E17B62A18F6210053A1E9 /* FirebaseInAppMessagingSwift-Beta in Frameworks */,
				E86E17B22A18F6200053A1E9 /* FirebaseAuth in Frameworks */,
				E891717D2A4AD919000223C2 /* Toast in Frameworks */,
				E86E17AC2A18E07B0053A1E9 /* SwiftMessages in Frameworks */,
				E89171862A4C305F000223C2 /* ViewAnimator in Frameworks */,
				E89171472A461A56000223C2 /* YPImagePicker in Frameworks */,
				E83FC9172A21169600E6AA96 /* BJOTPViewController in Frameworks */,
				E8BF3AD92A10B0C400F0D97A /* Localize_Swift in Frameworks */,
			);
			runOnlyForDeploymentPostprocessing = 0;
		};
/* End PBXFrameworksBuildPhase section */

/* Begin PBXGroup section */
		E832FF352A4E9E8400548120 /* Xibs */ = {
			isa = PBXGroup;
			children = (
				E89171802A4AFCC1000223C2 /* SocialMedia.swift */,
				E89171822A4AFCD0000223C2 /* SocialMedia.xib */,
				E832FF362A4E9EA200548120 /* UserCardTableViewCell.swift */,
				E832FF372A4E9EA200548120 /* UserCardTableViewCell.xib */,
				E832FF432A4ECDD600548120 /* EmptyTableView.swift */,
				E832FF452A4ECDE300548120 /* EmptyTableView.xib */,
				E87A42FC2A50A47000658AB6 /* CardTableViewCell.swift */,
				E87A42FD2A50A47000658AB6 /* CardTableViewCell.xib */,
			);
			path = Xibs;
			sourceTree = "<group>";
		};
		E83A6A982A33455D0074D2F8 /* JWT */ = {
			isa = PBXGroup;
			children = (
				E83A6A9B2A33456B0074D2F8 /* JWT.swift */,
				E83A6A992A33456B0074D2F8 /* JWTDecode.swift */,
				E83A6A9A2A33456B0074D2F8 /* JWTDecodeError.swift */,
			);
			path = JWT;
			sourceTree = "<group>";
		};
		E86E17BF2A1940950053A1E9 /* Extensions */ = {
			isa = PBXGroup;
			children = (
				E87A43002A514C5700658AB6 /* Fireworks */,
				E83A6A982A33455D0074D2F8 /* JWT */,
				E86E17C02A1940A40053A1E9 /* Menodag+String.swift */,
				E86E17C22A19410B0053A1E9 /* Menodag+View.swift */,
				E86E17C72A194A780053A1E9 /* Menodag+UIColor.swift */,
				E83A6A9F2A34296A0074D2F8 /* Swap + FirebaseUsers.swift */,
				E89171432A45C5EE000223C2 /* Constants.swift */,
				E89171872A4C4A93000223C2 /* Menodag+UIImage.swift */,
				E891718C2A4D57ED000223C2 /* Menodag+UITextField.swift */,
				E87A43872A5164DD00658AB6 /* Menodag+Keychain.swift */,
				E87A43892A51829400658AB6 /* Menodag+Array.swift */,
			);
			path = Extensions;
			sourceTree = "<group>";
		};
		E87A43002A514C5700658AB6 /* Fireworks */ = {
			isa = PBXGroup;
			children = (
				E87A43682A514C8800658AB6 /* Classic Firework */,
				E87A43632A514C8800658AB6 /* Fountain Firework */,
				E87A435A2A514C8800658AB6 /* Model */,
				E87A43532A514C8800658AB6 /* Spark Views */,
				E87A43582A514C8800658AB6 /* System Extensions */,
			);
			path = Fireworks;
			sourceTree = "<group>";
		};
		E87A43532A514C8800658AB6 /* Spark Views */ = {
			isa = PBXGroup;
			children = (
				E87A43542A514C8800658AB6 /* ImageSparkViewFactory.swift */,
				E87A43552A514C8800658AB6 /* CircleColorSparkViewFactory.swift */,
				E87A43562A514C8800658AB6 /* CircleColorSparkView.swift */,
				E87A43572A514C8800658AB6 /* ImageSparkView.swift */,
			);
			path = "Spark Views";
			sourceTree = "<group>";
		};
		E87A43582A514C8800658AB6 /* System Extensions */ = {
			isa = PBXGroup;
			children = (
				E87A43592A514C8800658AB6 /* CGPoint+Extensions.swift */,
			);
			path = "System Extensions";
			sourceTree = "<group>";
		};
		E87A435A2A514C8800658AB6 /* Model */ = {
			isa = PBXGroup;
			children = (
				E87A435B2A514C8800658AB6 /* SparkTrajectory.swift */,
				E87A435C2A514C8800658AB6 /* SparkTrajectoryFactory.swift */,
				E87A435D2A514C8800658AB6 /* FireworkSparkScheduler.swift */,
				E87A435E2A514C8800658AB6 /* Firework.swift */,
				E87A435F2A514C8800658AB6 /* SparkViewAnimator.swift */,
				E87A43602A514C8800658AB6 /* SparkView.swift */,
				E87A43612A514C8800658AB6 /* SparkViewFactory.swift */,
				E87A43622A514C8800658AB6 /* FireworkSpark.swift */,
			);
			path = Model;
			sourceTree = "<group>";
		};
		E87A43632A514C8800658AB6 /* Fountain Firework */ = {
			isa = PBXGroup;
			children = (
				E87A43642A514C8800658AB6 /* FountainFirework.swift */,
				E87A43652A514C8800658AB6 /* FountainFireworkAnimator.swift */,
				E87A43662A514C8800658AB6 /* FountainFireworkController.swift */,
				E87A43672A514C8800658AB6 /* FountainSparkTrajectoryFactory.swift */,
			);
			path = "Fountain Firework";
			sourceTree = "<group>";
		};
		E87A43682A514C8800658AB6 /* Classic Firework */ = {
			isa = PBXGroup;
			children = (
				E87A43692A514C8800658AB6 /* ClassicSparkTrajectoryFactoryProtocol.swift */,
				E87A436A2A514C8800658AB6 /* ClassicFireworkController.swift */,
				E87A436B2A514C8800658AB6 /* ClassicSparkTrajectoryFactory.swift */,
				E87A436C2A514C8800658AB6 /* ClassicFireworkAnimator.swift */,
				E87A436D2A514C8800658AB6 /* ClassicFirework.swift */,
			);
			path = "Classic Firework";
			sourceTree = "<group>";
		};
		E891713D2A45BB78000223C2 /* PersonalInfo */ = {
			isa = PBXGroup;
			children = (
				E891713E2A45BB8A000223C2 /* PersonalInfoViewController.swift */,
				E891717E2A4AE740000223C2 /* BusinessInfoViewController.swift */,
			);
			path = PersonalInfo;
			sourceTree = "<group>";
		};
		E891714B2A46A260000223C2 /* Models */ = {
			isa = PBXGroup;
			children = (
				E891714C2A46A269000223C2 /* UserCard.swift */,
				E87A42FA2A506ED200658AB6 /* ProductHistory.swift */,
			);
			path = Models;
			sourceTree = "<group>";
		};
		E89171892A4C78D2000223C2 /* MainControllers */ = {
			isa = PBXGroup;
			children = (
				E891718A2A4C78EC000223C2 /* HomePageViewController.swift */,
				E832FF472A4EEA4A00548120 /* ProfileViewController.swift */,
				E87A42EF2A505A8E00658AB6 /* ProductsViewController.swift */,
				E87A438B2A51917C00658AB6 /* SearchResultsViewController.swift */,
			);
			path = MainControllers;
			sourceTree = "<group>";
		};
		E8BF3A9A2A0FEBD900F0D97A = {
			isa = PBXGroup;
			children = (
				E8BF3AA52A0FEBD900F0D97A /* menodag */,
				E8BF3AA42A0FEBD900F0D97A /* Products */,
			);
			sourceTree = "<group>";
		};
		E8BF3AA42A0FEBD900F0D97A /* Products */ = {
			isa = PBXGroup;
			children = (
				E8BF3AA32A0FEBD900F0D97A /* menodag.app */,
			);
			name = Products;
			sourceTree = "<group>";
		};
		E8BF3AA52A0FEBD900F0D97A /* menodag */ = {
			isa = PBXGroup;
			children = (
				E832FF352A4E9E8400548120 /* Xibs */,
				E89171892A4C78D2000223C2 /* MainControllers */,
				E891714B2A46A260000223C2 /* Models */,
				E891713D2A45BB78000223C2 /* PersonalInfo */,
				E86E17BF2A1940950053A1E9 /* Extensions */,
				E86E17BD2A18F7DA0053A1E9 /* GoogleService-Info.plist */,
				E86E17A92A18D80B0053A1E9 /* menodag.entitlements */,
				E8BF3AE82A12373100F0D97A /* GetStartedScreen */,
				E8BF3AE02A12110100F0D97A /* Localisation */,
				E8BF3ABA2A0FF4A600F0D97A /* Fonts */,
				E8BF3AA62A0FEBD900F0D97A /* AppDelegate.swift */,
				E8BF3AA82A0FEBD900F0D97A /* SceneDelegate.swift */,
				E8BF3AAC2A0FEBD900F0D97A /* Main.storyboard */,
				E8BF3AAF2A0FEBDB00F0D97A /* Assets.xcassets */,
				E8BF3AB12A0FEBDB00F0D97A /* LaunchScreen.storyboard */,
				E8BF3AB42A0FEBDB00F0D97A /* Info.plist */,
			);
			path = menodag;
			sourceTree = "<group>";
		};
		E8BF3ABA2A0FF4A600F0D97A /* Fonts */ = {
			isa = PBXGroup;
			children = (
				E8BF3ABF2A0FF4DA00F0D97A /* Poppins-Black.ttf */,
				E8BF3ABE2A0FF4DA00F0D97A /* Poppins-Bold.ttf */,
				E8BF3AC02A0FF4DA00F0D97A /* Poppins-ExtraBold.ttf */,
				E8BF3ABD2A0FF4DA00F0D97A /* Poppins-ExtraLight.ttf */,
				E8BF3AC12A0FF4DA00F0D97A /* Poppins-Light.ttf */,
				E8BF3ABB2A0FF4DA00F0D97A /* Poppins-Medium.ttf */,
				E8BF3ABC2A0FF4DA00F0D97A /* Poppins-Regular.ttf */,
				E8BF3ACA2A0FF4E600F0D97A /* Tajawal-Black.ttf */,
				E8BF3ACE2A0FF4E700F0D97A /* Tajawal-Bold.ttf */,
				E8BF3AC92A0FF4E600F0D97A /* Tajawal-ExtraBold.ttf */,
				E8BF3ACD2A0FF4E700F0D97A /* Tajawal-ExtraLight.ttf */,
				E8BF3ACF2A0FF4E700F0D97A /* Tajawal-Light.ttf */,
				E8BF3ACC2A0FF4E600F0D97A /* Tajawal-Medium.ttf */,
				E8BF3ACB2A0FF4E600F0D97A /* Tajawal-Regular.ttf */,
				E8BF3ADA2A10B0CF00F0D97A /* MenodagFont.swift */,
			);
			path = Fonts;
			sourceTree = "<group>";
		};
		E8BF3AE02A12110100F0D97A /* Localisation */ = {
			isa = PBXGroup;
			children = (
				E8BF3AE12A12111F00F0D97A /* localisation.json */,
				E8BF3AE32A12152800F0D97A /* LocalisationModel.swift */,
			);
			path = Localisation;
			sourceTree = "<group>";
		};
		E8BF3AE82A12373100F0D97A /* GetStartedScreen */ = {
			isa = PBXGroup;
			children = (
				E8BF3AAA2A0FEBD900F0D97A /* ViewController.swift */,
			);
			path = GetStartedScreen;
			sourceTree = "<group>";
		};
/* End PBXGroup section */

/* Begin PBXNativeTarget section */
		E8BF3AA22A0FEBD900F0D97A /* menodag */ = {
			isa = PBXNativeTarget;
			buildConfigurationList = E8BF3AB72A0FEBDB00F0D97A /* Build configuration list for PBXNativeTarget "menodag" */;
			buildPhases = (
				E8BF3A9F2A0FEBD900F0D97A /* Sources */,
				E8BF3AA02A0FEBD900F0D97A /* Frameworks */,
				E8BF3AA12A0FEBD900F0D97A /* Resources */,
			);
			buildRules = (
			);
			dependencies = (
			);
			name = menodag;
			packageProductDependencies = (
				E8BF3AD82A10B0C400F0D97A /* Localize_Swift */,
				E8BF3AE62A12273800F0D97A /* MOLH */,
				E86E17AB2A18E07B0053A1E9 /* SwiftMessages */,
				E86E17B12A18F6200053A1E9 /* FirebaseAuth */,
				E86E17B32A18F6200053A1E9 /* FirebaseDatabaseSwift */,
				E86E17B52A18F6210053A1E9 /* FirebaseInAppMessagingSwift-Beta */,
				E86E17B72A18F6210053A1E9 /* FirebaseMessaging */,
				E86E17B92A18F6210053A1E9 /* FirebaseRemoteConfigSwift */,
				E86E17BB2A18F6210053A1E9 /* FirebaseStorageCombine-Community */,
				E86E17C52A1949440053A1E9 /* UIGradient */,
				E83FC9162A21169600E6AA96 /* BJOTPViewController */,
				E83FC9192A21BBE100E6AA96 /* SSSpinnerButtonr */,
				E89171412A45C2BD000223C2 /* Hero */,
				E89171462A461A56000223C2 /* YPImagePicker */,
				E89171492A461B96000223C2 /* InitialsImageView */,
				E89171772A4ABCA9000223C2 /* IQKeyboardManagerSwift */,
				E891717C2A4AD919000223C2 /* Toast */,
				E89171852A4C305F000223C2 /* ViewAnimator */,
				E891718F2A4D6523000223C2 /* HMSegmentedControl */,
				E832FF3B2A4EA7FF00548120 /* Longinus */,
				E87A43852A5161D700658AB6 /* KeychainStore */,
			);
			productName = menodag;
			productReference = E8BF3AA32A0FEBD900F0D97A /* menodag.app */;
			productType = "com.apple.product-type.application";
		};
/* End PBXNativeTarget section */

/* Begin PBXProject section */
		E8BF3A9B2A0FEBD900F0D97A /* Project object */ = {
			isa = PBXProject;
			attributes = {
				BuildIndependentTargetsInParallel = 1;
				LastSwiftUpdateCheck = 1420;
				LastUpgradeCheck = 1420;
				TargetAttributes = {
					E8BF3AA22A0FEBD900F0D97A = {
						CreatedOnToolsVersion = 14.2;
					};
				};
			};
			buildConfigurationList = E8BF3A9E2A0FEBD900F0D97A /* Build configuration list for PBXProject "menodag" */;
			compatibilityVersion = "Xcode 14.0";
			developmentRegion = en;
			hasScannedForEncodings = 0;
			knownRegions = (
				en,
				Base,
			);
			mainGroup = E8BF3A9A2A0FEBD900F0D97A;
			packageReferences = (
				E8BF3AD72A10B0C400F0D97A /* XCRemoteSwiftPackageReference "Localize-Swift" */,
				E8BF3AE52A12273800F0D97A /* XCRemoteSwiftPackageReference "MOLH" */,
				E86E17AA2A18E07B0053A1E9 /* XCRemoteSwiftPackageReference "SwiftMessages" */,
				E86E17B02A18F6200053A1E9 /* XCRemoteSwiftPackageReference "firebase-ios-sdk" */,
				E86E17C42A1949440053A1E9 /* XCRemoteSwiftPackageReference "UIGradient" */,
				E83FC9152A21169600E6AA96 /* XCRemoteSwiftPackageReference "BJOTPViewController" */,
				E83FC9182A21BBE100E6AA96 /* XCRemoteSwiftPackageReference "SSSpinnerButton" */,
				E89171402A45C2BC000223C2 /* XCRemoteSwiftPackageReference "Hero" */,
				E89171452A461A56000223C2 /* XCRemoteSwiftPackageReference "YPImagePicker" */,
				E89171482A461B95000223C2 /* XCRemoteSwiftPackageReference "InitialsImageView" */,
				E89171762A4ABCA9000223C2 /* XCRemoteSwiftPackageReference "IQKeyboardManager" */,
				E891717B2A4AD919000223C2 /* XCRemoteSwiftPackageReference "toast-swift" */,
				E89171842A4C305E000223C2 /* XCRemoteSwiftPackageReference "ViewAnimator" */,
				E891718E2A4D6523000223C2 /* XCRemoteSwiftPackageReference "HMSegmentedControl" */,
				E832FF3A2A4EA7FF00548120 /* XCRemoteSwiftPackageReference "Longinus" */,
				E87A43842A5161D700658AB6 /* XCRemoteSwiftPackageReference "KeychainStore" */,
			);
			productRefGroup = E8BF3AA42A0FEBD900F0D97A /* Products */;
			projectDirPath = "";
			projectRoot = "";
			targets = (
				E8BF3AA22A0FEBD900F0D97A /* menodag */,
			);
		};
/* End PBXProject section */

/* Begin PBXResourcesBuildPhase section */
		E8BF3AA12A0FEBD900F0D97A /* Resources */ = {
			isa = PBXResourcesBuildPhase;
			buildActionMask = 2147483647;
			files = (
				E8BF3AC62A0FF4DA00F0D97A /* Poppins-Black.ttf in Resources */,
				E8BF3AC82A0FF4DA00F0D97A /* Poppins-Light.ttf in Resources */,
				E8BF3AC72A0FF4DA00F0D97A /* Poppins-ExtraBold.ttf in Resources */,
				E8BF3AD42A0FF4E700F0D97A /* Tajawal-ExtraLight.ttf in Resources */,
				E87A42FF2A50A47000658AB6 /* CardTableViewCell.xib in Resources */,
				E8BF3AD22A0FF4E700F0D97A /* Tajawal-Regular.ttf in Resources */,
				E832FF392A4E9EA200548120 /* UserCardTableViewCell.xib in Resources */,
				E86E17BE2A18F7DA0053A1E9 /* GoogleService-Info.plist in Resources */,
				E8BF3AD32A0FF4E700F0D97A /* Tajawal-Medium.ttf in Resources */,
				E89171832A4AFCD0000223C2 /* SocialMedia.xib in Resources */,
				E8BF3AD12A0FF4E700F0D97A /* Tajawal-Black.ttf in Resources */,
				E8BF3AC42A0FF4DA00F0D97A /* Poppins-ExtraLight.ttf in Resources */,
				E8BF3AB32A0FEBDB00F0D97A /* LaunchScreen.storyboard in Resources */,
				E8BF3AC52A0FF4DA00F0D97A /* Poppins-Bold.ttf in Resources */,
				E8BF3AC22A0FF4DA00F0D97A /* Poppins-Medium.ttf in Resources */,
				E8BF3AD02A0FF4E700F0D97A /* Tajawal-ExtraBold.ttf in Resources */,
				E8BF3AD62A0FF4E700F0D97A /* Tajawal-Light.ttf in Resources */,
				E8BF3AB02A0FEBDB00F0D97A /* Assets.xcassets in Resources */,
				E8BF3AAE2A0FEBD900F0D97A /* Main.storyboard in Resources */,
				E8BF3AD52A0FF4E700F0D97A /* Tajawal-Bold.ttf in Resources */,
				E8BF3AC32A0FF4DA00F0D97A /* Poppins-Regular.ttf in Resources */,
				E8BF3AE22A12111F00F0D97A /* localisation.json in Resources */,
				E832FF462A4ECDE300548120 /* EmptyTableView.xib in Resources */,
			);
			runOnlyForDeploymentPostprocessing = 0;
		};
/* End PBXResourcesBuildPhase section */

/* Begin PBXSourcesBuildPhase section */
		E8BF3A9F2A0FEBD900F0D97A /* Sources */ = {
			isa = PBXSourcesBuildPhase;
			buildActionMask = 2147483647;
			files = (
				E86E17C12A1940A40053A1E9 /* Menodag+String.swift in Sources */,
				E87A438C2A51917C00658AB6 /* SearchResultsViewController.swift in Sources */,
				E87A43742A514C8800658AB6 /* SparkTrajectoryFactory.swift in Sources */,
				E83A6A9E2A33456B0074D2F8 /* JWT.swift in Sources */,
				E8BF3AAB2A0FEBD900F0D97A /* ViewController.swift in Sources */,
				E87A437A2A514C8800658AB6 /* FireworkSpark.swift in Sources */,
				E86E17C32A19410B0053A1E9 /* Menodag+View.swift in Sources */,
				E891717F2A4AE740000223C2 /* BusinessInfoViewController.swift in Sources */,
				E832FF382A4E9EA200548120 /* UserCardTableViewCell.swift in Sources */,
				E86E17C82A194A780053A1E9 /* Menodag+UIColor.swift in Sources */,
				E8BF3ADB2A10B0CF00F0D97A /* MenodagFont.swift in Sources */,
				E87A43702A514C8800658AB6 /* CircleColorSparkView.swift in Sources */,
				E87A43882A5164DD00658AB6 /* Menodag+Keychain.swift in Sources */,
				E83A6AA02A34296A0074D2F8 /* Swap + FirebaseUsers.swift in Sources */,
				E8BF3AA72A0FEBD900F0D97A /* AppDelegate.swift in Sources */,
				E891718D2A4D57ED000223C2 /* Menodag+UITextField.swift in Sources */,
				E87A43812A514C8800658AB6 /* ClassicSparkTrajectoryFactory.swift in Sources */,
				E87A43822A514C8800658AB6 /* ClassicFireworkAnimator.swift in Sources */,
				E87A437D2A514C8800658AB6 /* FountainFireworkController.swift in Sources */,
				E87A43792A514C8800658AB6 /* SparkViewFactory.swift in Sources */,
				E87A43722A514C8800658AB6 /* CGPoint+Extensions.swift in Sources */,
				E87A436F2A514C8800658AB6 /* CircleColorSparkViewFactory.swift in Sources */,
				E891714D2A46A269000223C2 /* UserCard.swift in Sources */,
				E87A43752A514C8800658AB6 /* FireworkSparkScheduler.swift in Sources */,
				E891713F2A45BB8A000223C2 /* PersonalInfoViewController.swift in Sources */,
				E83A6A9D2A33456B0074D2F8 /* JWTDecodeError.swift in Sources */,
				E89171812A4AFCC1000223C2 /* SocialMedia.swift in Sources */,
				E87A43802A514C8800658AB6 /* ClassicFireworkController.swift in Sources */,
				E87A437B2A514C8800658AB6 /* FountainFirework.swift in Sources */,
				E832FF482A4EEA4A00548120 /* ProfileViewController.swift in Sources */,
				E8BF3AA92A0FEBD900F0D97A /* SceneDelegate.swift in Sources */,
				E87A437E2A514C8800658AB6 /* FountainSparkTrajectoryFactory.swift in Sources */,
				E87A43782A514C8800658AB6 /* SparkView.swift in Sources */,
				E89171442A45C5EE000223C2 /* Constants.swift in Sources */,
				E87A436E2A514C8800658AB6 /* ImageSparkViewFactory.swift in Sources */,
				E87A437C2A514C8800658AB6 /* FountainFireworkAnimator.swift in Sources */,
				E87A42F02A505A8E00658AB6 /* ProductsViewController.swift in Sources */,
				E832FF442A4ECDD600548120 /* EmptyTableView.swift in Sources */,
				E87A43762A514C8800658AB6 /* Firework.swift in Sources */,
				E87A437F2A514C8800658AB6 /* ClassicSparkTrajectoryFactoryProtocol.swift in Sources */,
				E87A43732A514C8800658AB6 /* SparkTrajectory.swift in Sources */,
				E83A6A9C2A33456B0074D2F8 /* JWTDecode.swift in Sources */,
				E87A438A2A51829400658AB6 /* Menodag+Array.swift in Sources */,
				E87A42FE2A50A47000658AB6 /* CardTableViewCell.swift in Sources */,
				E8BF3AE42A12152800F0D97A /* LocalisationModel.swift in Sources */,
				E87A42FB2A506ED200658AB6 /* ProductHistory.swift in Sources */,
				E87A43832A514C8800658AB6 /* ClassicFirework.swift in Sources */,
				E89171882A4C4A93000223C2 /* Menodag+UIImage.swift in Sources */,
				E87A43772A514C8800658AB6 /* SparkViewAnimator.swift in Sources */,
				E87A43712A514C8800658AB6 /* ImageSparkView.swift in Sources */,
				E891718B2A4C78EC000223C2 /* HomePageViewController.swift in Sources */,
			);
			runOnlyForDeploymentPostprocessing = 0;
		};
/* End PBXSourcesBuildPhase section */

/* Begin PBXVariantGroup section */
		E8BF3AAC2A0FEBD900F0D97A /* Main.storyboard */ = {
			isa = PBXVariantGroup;
			children = (
				E8BF3AAD2A0FEBD900F0D97A /* Base */,
			);
			name = Main.storyboard;
			sourceTree = "<group>";
		};
		E8BF3AB12A0FEBDB00F0D97A /* LaunchScreen.storyboard */ = {
			isa = PBXVariantGroup;
			children = (
				E8BF3AB22A0FEBDB00F0D97A /* Base */,
			);
			name = LaunchScreen.storyboard;
			sourceTree = "<group>";
		};
/* End PBXVariantGroup section */

/* Begin XCBuildConfiguration section */
		E8BF3AB52A0FEBDB00F0D97A /* Debug */ = {
			isa = XCBuildConfiguration;
			buildSettings = {
				ALWAYS_SEARCH_USER_PATHS = NO;
				CLANG_ANALYZER_NONNULL = YES;
				CLANG_ANALYZER_NUMBER_OBJECT_CONVERSION = YES_AGGRESSIVE;
				CLANG_CXX_LANGUAGE_STANDARD = "gnu++20";
				CLANG_ENABLE_MODULES = YES;
				CLANG_ENABLE_OBJC_ARC = YES;
				CLANG_ENABLE_OBJC_WEAK = YES;
				CLANG_WARN_BLOCK_CAPTURE_AUTORELEASING = YES;
				CLANG_WARN_BOOL_CONVERSION = YES;
				CLANG_WARN_COMMA = YES;
				CLANG_WARN_CONSTANT_CONVERSION = YES;
				CLANG_WARN_DEPRECATED_OBJC_IMPLEMENTATIONS = YES;
				CLANG_WARN_DIRECT_OBJC_ISA_USAGE = YES_ERROR;
				CLANG_WARN_DOCUMENTATION_COMMENTS = YES;
				CLANG_WARN_EMPTY_BODY = YES;
				CLANG_WARN_ENUM_CONVERSION = YES;
				CLANG_WARN_INFINITE_RECURSION = YES;
				CLANG_WARN_INT_CONVERSION = YES;
				CLANG_WARN_NON_LITERAL_NULL_CONVERSION = YES;
				CLANG_WARN_OBJC_IMPLICIT_RETAIN_SELF = YES;
				CLANG_WARN_OBJC_LITERAL_CONVERSION = YES;
				CLANG_WARN_OBJC_ROOT_CLASS = YES_ERROR;
				CLANG_WARN_QUOTED_INCLUDE_IN_FRAMEWORK_HEADER = YES;
				CLANG_WARN_RANGE_LOOP_ANALYSIS = YES;
				CLANG_WARN_STRICT_PROTOTYPES = YES;
				CLANG_WARN_SUSPICIOUS_MOVE = YES;
				CLANG_WARN_UNGUARDED_AVAILABILITY = YES_AGGRESSIVE;
				CLANG_WARN_UNREACHABLE_CODE = YES;
				CLANG_WARN__DUPLICATE_METHOD_MATCH = YES;
				COPY_PHASE_STRIP = NO;
				DEBUG_INFORMATION_FORMAT = dwarf;
				ENABLE_STRICT_OBJC_MSGSEND = YES;
				ENABLE_TESTABILITY = YES;
				GCC_C_LANGUAGE_STANDARD = gnu11;
				GCC_DYNAMIC_NO_PIC = NO;
				GCC_NO_COMMON_BLOCKS = YES;
				GCC_OPTIMIZATION_LEVEL = 0;
				GCC_PREPROCESSOR_DEFINITIONS = (
					"DEBUG=1",
					"$(inherited)",
				);
				GCC_WARN_64_TO_32_BIT_CONVERSION = YES;
				GCC_WARN_ABOUT_RETURN_TYPE = YES_ERROR;
				GCC_WARN_UNDECLARED_SELECTOR = YES;
				GCC_WARN_UNINITIALIZED_AUTOS = YES_AGGRESSIVE;
				GCC_WARN_UNUSED_FUNCTION = YES;
				GCC_WARN_UNUSED_VARIABLE = YES;
				IPHONEOS_DEPLOYMENT_TARGET = 14.0;
				MTL_ENABLE_DEBUG_INFO = INCLUDE_SOURCE;
				MTL_FAST_MATH = YES;
				ONLY_ACTIVE_ARCH = YES;
				SDKROOT = iphoneos;
				SWIFT_ACTIVE_COMPILATION_CONDITIONS = DEBUG;
				SWIFT_OPTIMIZATION_LEVEL = "-Onone";
			};
			name = Debug;
		};
		E8BF3AB62A0FEBDB00F0D97A /* Release */ = {
			isa = XCBuildConfiguration;
			buildSettings = {
				ALWAYS_SEARCH_USER_PATHS = NO;
				CLANG_ANALYZER_NONNULL = YES;
				CLANG_ANALYZER_NUMBER_OBJECT_CONVERSION = YES_AGGRESSIVE;
				CLANG_CXX_LANGUAGE_STANDARD = "gnu++20";
				CLANG_ENABLE_MODULES = YES;
				CLANG_ENABLE_OBJC_ARC = YES;
				CLANG_ENABLE_OBJC_WEAK = YES;
				CLANG_WARN_BLOCK_CAPTURE_AUTORELEASING = YES;
				CLANG_WARN_BOOL_CONVERSION = YES;
				CLANG_WARN_COMMA = YES;
				CLANG_WARN_CONSTANT_CONVERSION = YES;
				CLANG_WARN_DEPRECATED_OBJC_IMPLEMENTATIONS = YES;
				CLANG_WARN_DIRECT_OBJC_ISA_USAGE = YES_ERROR;
				CLANG_WARN_DOCUMENTATION_COMMENTS = YES;
				CLANG_WARN_EMPTY_BODY = YES;
				CLANG_WARN_ENUM_CONVERSION = YES;
				CLANG_WARN_INFINITE_RECURSION = YES;
				CLANG_WARN_INT_CONVERSION = YES;
				CLANG_WARN_NON_LITERAL_NULL_CONVERSION = YES;
				CLANG_WARN_OBJC_IMPLICIT_RETAIN_SELF = YES;
				CLANG_WARN_OBJC_LITERAL_CONVERSION = YES;
				CLANG_WARN_OBJC_ROOT_CLASS = YES_ERROR;
				CLANG_WARN_QUOTED_INCLUDE_IN_FRAMEWORK_HEADER = YES;
				CLANG_WARN_RANGE_LOOP_ANALYSIS = YES;
				CLANG_WARN_STRICT_PROTOTYPES = YES;
				CLANG_WARN_SUSPICIOUS_MOVE = YES;
				CLANG_WARN_UNGUARDED_AVAILABILITY = YES_AGGRESSIVE;
				CLANG_WARN_UNREACHABLE_CODE = YES;
				CLANG_WARN__DUPLICATE_METHOD_MATCH = YES;
				COPY_PHASE_STRIP = NO;
				DEBUG_INFORMATION_FORMAT = "dwarf-with-dsym";
				ENABLE_NS_ASSERTIONS = NO;
				ENABLE_STRICT_OBJC_MSGSEND = YES;
				GCC_C_LANGUAGE_STANDARD = gnu11;
				GCC_NO_COMMON_BLOCKS = YES;
				GCC_WARN_64_TO_32_BIT_CONVERSION = YES;
				GCC_WARN_ABOUT_RETURN_TYPE = YES_ERROR;
				GCC_WARN_UNDECLARED_SELECTOR = YES;
				GCC_WARN_UNINITIALIZED_AUTOS = YES_AGGRESSIVE;
				GCC_WARN_UNUSED_FUNCTION = YES;
				GCC_WARN_UNUSED_VARIABLE = YES;
				IPHONEOS_DEPLOYMENT_TARGET = 14.0;
				MTL_ENABLE_DEBUG_INFO = NO;
				MTL_FAST_MATH = YES;
				SDKROOT = iphoneos;
				SWIFT_COMPILATION_MODE = wholemodule;
				SWIFT_OPTIMIZATION_LEVEL = "-O";
				VALIDATE_PRODUCT = YES;
			};
			name = Release;
		};
		E8BF3AB82A0FEBDB00F0D97A /* Debug */ = {
			isa = XCBuildConfiguration;
			buildSettings = {
				ASSETCATALOG_COMPILER_APPICON_NAME = AppIcon;
				ASSETCATALOG_COMPILER_GLOBAL_ACCENT_COLOR_NAME = AccentColor;
				CODE_SIGN_ENTITLEMENTS = menodag/menodag.entitlements;
				CODE_SIGN_STYLE = Automatic;
				CURRENT_PROJECT_VERSION = 15;
				DEVELOPMENT_TEAM = VBT94B5CQ8;
				GENERATE_INFOPLIST_FILE = YES;
				INFOPLIST_FILE = menodag/Info.plist;
				INFOPLIST_KEY_CFBundleDisplayName = "منوداق الكويت";
				INFOPLIST_KEY_LSApplicationCategoryType = "public.app-category.utilities";
				INFOPLIST_KEY_UIApplicationSupportsIndirectInputEvents = YES;
				INFOPLIST_KEY_UILaunchStoryboardName = LaunchScreen;
				INFOPLIST_KEY_UIMainStoryboardFile = Main;
				INFOPLIST_KEY_UISupportedInterfaceOrientations = UIInterfaceOrientationPortrait;
				INFOPLIST_KEY_UISupportedInterfaceOrientations_iPad = "UIInterfaceOrientationPortrait UIInterfaceOrientationPortraitUpsideDown";
				IPHONEOS_DEPLOYMENT_TARGET = 14.0;
				LD_RUNPATH_SEARCH_PATHS = (
					"$(inherited)",
					"@executable_path/Frameworks",
				);
				MARKETING_VERSION = 3.1;
				PRODUCT_BUNDLE_IDENTIFIER = com.sadah.menodag;
				PRODUCT_NAME = "$(TARGET_NAME)";
				SWIFT_EMIT_LOC_STRINGS = YES;
				SWIFT_VERSION = 5.0;
				TARGETED_DEVICE_FAMILY = "1,2";
			};
			name = Debug;
		};
		E8BF3AB92A0FEBDB00F0D97A /* Release */ = {
			isa = XCBuildConfiguration;
			buildSettings = {
				ASSETCATALOG_COMPILER_APPICON_NAME = AppIcon;
				ASSETCATALOG_COMPILER_GLOBAL_ACCENT_COLOR_NAME = AccentColor;
				CODE_SIGN_ENTITLEMENTS = menodag/menodag.entitlements;
				CODE_SIGN_STYLE = Automatic;
				CURRENT_PROJECT_VERSION = 15;
				DEVELOPMENT_TEAM = VBT94B5CQ8;
				GENERATE_INFOPLIST_FILE = YES;
				INFOPLIST_FILE = menodag/Info.plist;
				INFOPLIST_KEY_CFBundleDisplayName = "منوداق الكويت";
				INFOPLIST_KEY_LSApplicationCategoryType = "public.app-category.utilities";
				INFOPLIST_KEY_UIApplicationSupportsIndirectInputEvents = YES;
				INFOPLIST_KEY_UILaunchStoryboardName = LaunchScreen;
				INFOPLIST_KEY_UIMainStoryboardFile = Main;
				INFOPLIST_KEY_UISupportedInterfaceOrientations = UIInterfaceOrientationPortrait;
				INFOPLIST_KEY_UISupportedInterfaceOrientations_iPad = "UIInterfaceOrientationPortrait UIInterfaceOrientationPortraitUpsideDown";
				IPHONEOS_DEPLOYMENT_TARGET = 14.0;
				LD_RUNPATH_SEARCH_PATHS = (
					"$(inherited)",
					"@executable_path/Frameworks",
				);
				MARKETING_VERSION = 3.1;
				PRODUCT_BUNDLE_IDENTIFIER = com.sadah.menodag;
				PRODUCT_NAME = "$(TARGET_NAME)";
				SWIFT_EMIT_LOC_STRINGS = YES;
				SWIFT_VERSION = 5.0;
				TARGETED_DEVICE_FAMILY = "1,2";
			};
			name = Release;
		};
/* End XCBuildConfiguration section */

/* Begin XCConfigurationList section */
		E8BF3A9E2A0FEBD900F0D97A /* Build configuration list for PBXProject "menodag" */ = {
			isa = XCConfigurationList;
			buildConfigurations = (
				E8BF3AB52A0FEBDB00F0D97A /* Debug */,
				E8BF3AB62A0FEBDB00F0D97A /* Release */,
			);
			defaultConfigurationIsVisible = 0;
			defaultConfigurationName = Release;
		};
		E8BF3AB72A0FEBDB00F0D97A /* Build configuration list for PBXNativeTarget "menodag" */ = {
			isa = XCConfigurationList;
			buildConfigurations = (
				E8BF3AB82A0FEBDB00F0D97A /* Debug */,
				E8BF3AB92A0FEBDB00F0D97A /* Release */,
			);
			defaultConfigurationIsVisible = 0;
			defaultConfigurationName = Release;
		};
/* End XCConfigurationList section */

/* Begin XCRemoteSwiftPackageReference section */
		E832FF3A2A4EA7FF00548120 /* XCRemoteSwiftPackageReference "Longinus" */ = {
			isa = XCRemoteSwiftPackageReference;
			repositoryURL = "https://github.com/KittenYang/Longinus.git";
			requirement = {
				kind = upToNextMajorVersion;
				minimumVersion = 1.0.0;
			};
		};
		E83FC9152A21169600E6AA96 /* XCRemoteSwiftPackageReference "BJOTPViewController" */ = {
			isa = XCRemoteSwiftPackageReference;
			repositoryURL = "https://github.com/BadhanGanesh/BJOTPViewController.git";
			requirement = {
				branch = master;
				kind = branch;
			};
		};
		E83FC9182A21BBE100E6AA96 /* XCRemoteSwiftPackageReference "SSSpinnerButton" */ = {
			isa = XCRemoteSwiftPackageReference;
			repositoryURL = "https://github.com/SimformSolutionsPvtLtd/SSSpinnerButton.git";
			requirement = {
				kind = upToNextMajorVersion;
				minimumVersion = 3.0.0;
			};
		};
		E86E17AA2A18E07B0053A1E9 /* XCRemoteSwiftPackageReference "SwiftMessages" */ = {
			isa = XCRemoteSwiftPackageReference;
			repositoryURL = "https://github.com/SwiftKickMobile/SwiftMessages.git";
			requirement = {
				kind = upToNextMajorVersion;
				minimumVersion = 9.0.0;
			};
		};
		E86E17B02A18F6200053A1E9 /* XCRemoteSwiftPackageReference "firebase-ios-sdk" */ = {
			isa = XCRemoteSwiftPackageReference;
			repositoryURL = "https://github.com/firebase/firebase-ios-sdk.git";
			requirement = {
				kind = upToNextMajorVersion;
				minimumVersion = 9.0.0;
			};
		};
		E86E17C42A1949440053A1E9 /* XCRemoteSwiftPackageReference "UIGradient" */ = {
			isa = XCRemoteSwiftPackageReference;
			repositoryURL = "https://github.com/dqhieu/UIGradient.git";
			requirement = {
				kind = upToNextMajorVersion;
				minimumVersion = 1.0.0;
			};
		};
		E87A43842A5161D700658AB6 /* XCRemoteSwiftPackageReference "KeychainStore" */ = {
			isa = XCRemoteSwiftPackageReference;
			repositoryURL = "https://github.com/JuanjoArreola/KeychainStore.git";
			requirement = {
				kind = upToNextMajorVersion;
				minimumVersion = 3.0.0;
			};
		};
		E89171402A45C2BC000223C2 /* XCRemoteSwiftPackageReference "Hero" */ = {
			isa = XCRemoteSwiftPackageReference;
			repositoryURL = "https://github.com/HeroTransitions/Hero.git";
			requirement = {
				kind = upToNextMinorVersion;
				minimumVersion = 1.6.0;
			};
		};
		E89171452A461A56000223C2 /* XCRemoteSwiftPackageReference "YPImagePicker" */ = {
			isa = XCRemoteSwiftPackageReference;
			repositoryURL = "https://github.com/Yummypets/YPImagePicker.git";
			requirement = {
				kind = upToNextMinorVersion;
				minimumVersion = 5.2.0;
			};
		};
		E89171482A461B95000223C2 /* XCRemoteSwiftPackageReference "InitialsImageView" */ = {
			isa = XCRemoteSwiftPackageReference;
			repositoryURL = "https://github.com/bachonk/InitialsImageView.git";
			requirement = {
				kind = upToNextMajorVersion;
				minimumVersion = 0.8.0;
			};
		};
		E89171762A4ABCA9000223C2 /* XCRemoteSwiftPackageReference "IQKeyboardManager" */ = {
			isa = XCRemoteSwiftPackageReference;
			repositoryURL = "https://github.com/hackiftekhar/IQKeyboardManager.git";
			requirement = {
				kind = upToNextMinorVersion;
				minimumVersion = 6.5.0;
			};
		};
		E891717B2A4AD919000223C2 /* XCRemoteSwiftPackageReference "toast-swift" */ = {
			isa = XCRemoteSwiftPackageReference;
			repositoryURL = "https://github.com/BastiaanJansen/toast-swift";
			requirement = {
				kind = upToNextMajorVersion;
				minimumVersion = 1.0.0;
			};
		};
		E89171842A4C305E000223C2 /* XCRemoteSwiftPackageReference "ViewAnimator" */ = {
			isa = XCRemoteSwiftPackageReference;
			repositoryURL = "https://github.com/marcosgriselli/ViewAnimator.git";
			requirement = {
				kind = upToNextMajorVersion;
				minimumVersion = 3.0.0;
			};
		};
		E891718E2A4D6523000223C2 /* XCRemoteSwiftPackageReference "HMSegmentedControl" */ = {
			isa = XCRemoteSwiftPackageReference;
			repositoryURL = "https://github.com/HeshamMegid/HMSegmentedControl.git";
			requirement = {
				branch = master;
				kind = branch;
			};
		};
		E8BF3AD72A10B0C400F0D97A /* XCRemoteSwiftPackageReference "Localize-Swift" */ = {
			isa = XCRemoteSwiftPackageReference;
			repositoryURL = "https://github.com/marmelroy/Localize-Swift.git";
			requirement = {
				kind = upToNextMajorVersion;
				minimumVersion = 3.0.0;
			};
		};
		E8BF3AE52A12273800F0D97A /* XCRemoteSwiftPackageReference "MOLH" */ = {
			isa = XCRemoteSwiftPackageReference;
			repositoryURL = "https://github.com/MoathOthman/MOLH.git";
			requirement = {
				branch = master;
				kind = branch;
			};
		};
/* End XCRemoteSwiftPackageReference section */

/* Begin XCSwiftPackageProductDependency section */
		E832FF3B2A4EA7FF00548120 /* Longinus */ = {
			isa = XCSwiftPackageProductDependency;
			package = E832FF3A2A4EA7FF00548120 /* XCRemoteSwiftPackageReference "Longinus" */;
			productName = Longinus;
		};
		E83FC9162A21169600E6AA96 /* BJOTPViewController */ = {
			isa = XCSwiftPackageProductDependency;
			package = E83FC9152A21169600E6AA96 /* XCRemoteSwiftPackageReference "BJOTPViewController" */;
			productName = BJOTPViewController;
		};
		E83FC9192A21BBE100E6AA96 /* SSSpinnerButtonr */ = {
			isa = XCSwiftPackageProductDependency;
			package = E83FC9182A21BBE100E6AA96 /* XCRemoteSwiftPackageReference "SSSpinnerButton" */;
			productName = SSSpinnerButtonr;
		};
		E86E17AB2A18E07B0053A1E9 /* SwiftMessages */ = {
			isa = XCSwiftPackageProductDependency;
			package = E86E17AA2A18E07B0053A1E9 /* XCRemoteSwiftPackageReference "SwiftMessages" */;
			productName = SwiftMessages;
		};
		E86E17B12A18F6200053A1E9 /* FirebaseAuth */ = {
			isa = XCSwiftPackageProductDependency;
			package = E86E17B02A18F6200053A1E9 /* XCRemoteSwiftPackageReference "firebase-ios-sdk" */;
			productName = FirebaseAuth;
		};
		E86E17B32A18F6200053A1E9 /* FirebaseDatabaseSwift */ = {
			isa = XCSwiftPackageProductDependency;
			package = E86E17B02A18F6200053A1E9 /* XCRemoteSwiftPackageReference "firebase-ios-sdk" */;
			productName = FirebaseDatabaseSwift;
		};
		E86E17B52A18F6210053A1E9 /* FirebaseInAppMessagingSwift-Beta */ = {
			isa = XCSwiftPackageProductDependency;
			package = E86E17B02A18F6200053A1E9 /* XCRemoteSwiftPackageReference "firebase-ios-sdk" */;
			productName = "FirebaseInAppMessagingSwift-Beta";
		};
		E86E17B72A18F6210053A1E9 /* FirebaseMessaging */ = {
			isa = XCSwiftPackageProductDependency;
			package = E86E17B02A18F6200053A1E9 /* XCRemoteSwiftPackageReference "firebase-ios-sdk" */;
			productName = FirebaseMessaging;
		};
		E86E17B92A18F6210053A1E9 /* FirebaseRemoteConfigSwift */ = {
			isa = XCSwiftPackageProductDependency;
			package = E86E17B02A18F6200053A1E9 /* XCRemoteSwiftPackageReference "firebase-ios-sdk" */;
			productName = FirebaseRemoteConfigSwift;
		};
		E86E17BB2A18F6210053A1E9 /* FirebaseStorageCombine-Community */ = {
			isa = XCSwiftPackageProductDependency;
			package = E86E17B02A18F6200053A1E9 /* XCRemoteSwiftPackageReference "firebase-ios-sdk" */;
			productName = "FirebaseStorageCombine-Community";
		};
		E86E17C52A1949440053A1E9 /* UIGradient */ = {
			isa = XCSwiftPackageProductDependency;
			package = E86E17C42A1949440053A1E9 /* XCRemoteSwiftPackageReference "UIGradient" */;
			productName = UIGradient;
		};
		E87A43852A5161D700658AB6 /* KeychainStore */ = {
			isa = XCSwiftPackageProductDependency;
			package = E87A43842A5161D700658AB6 /* XCRemoteSwiftPackageReference "KeychainStore" */;
			productName = KeychainStore;
		};
		E89171412A45C2BD000223C2 /* Hero */ = {
			isa = XCSwiftPackageProductDependency;
			package = E89171402A45C2BC000223C2 /* XCRemoteSwiftPackageReference "Hero" */;
			productName = Hero;
		};
		E89171462A461A56000223C2 /* YPImagePicker */ = {
			isa = XCSwiftPackageProductDependency;
			package = E89171452A461A56000223C2 /* XCRemoteSwiftPackageReference "YPImagePicker" */;
			productName = YPImagePicker;
		};
		E89171492A461B96000223C2 /* InitialsImageView */ = {
			isa = XCSwiftPackageProductDependency;
			package = E89171482A461B95000223C2 /* XCRemoteSwiftPackageReference "InitialsImageView" */;
			productName = InitialsImageView;
		};
		E89171772A4ABCA9000223C2 /* IQKeyboardManagerSwift */ = {
			isa = XCSwiftPackageProductDependency;
			package = E89171762A4ABCA9000223C2 /* XCRemoteSwiftPackageReference "IQKeyboardManager" */;
			productName = IQKeyboardManagerSwift;
		};
		E891717C2A4AD919000223C2 /* Toast */ = {
			isa = XCSwiftPackageProductDependency;
			package = E891717B2A4AD919000223C2 /* XCRemoteSwiftPackageReference "toast-swift" */;
			productName = Toast;
		};
		E89171852A4C305F000223C2 /* ViewAnimator */ = {
			isa = XCSwiftPackageProductDependency;
			package = E89171842A4C305E000223C2 /* XCRemoteSwiftPackageReference "ViewAnimator" */;
			productName = ViewAnimator;
		};
		E891718F2A4D6523000223C2 /* HMSegmentedControl */ = {
			isa = XCSwiftPackageProductDependency;
			package = E891718E2A4D6523000223C2 /* XCRemoteSwiftPackageReference "HMSegmentedControl" */;
			productName = HMSegmentedControl;
		};
		E8BF3AD82A10B0C400F0D97A /* Localize_Swift */ = {
			isa = XCSwiftPackageProductDependency;
			package = E8BF3AD72A10B0C400F0D97A /* XCRemoteSwiftPackageReference "Localize-Swift" */;
			productName = Localize_Swift;
		};
		E8BF3AE62A12273800F0D97A /* MOLH */ = {
			isa = XCSwiftPackageProductDependency;
			package = E8BF3AE52A12273800F0D97A /* XCRemoteSwiftPackageReference "MOLH" */;
			productName = MOLH;
		};
/* End XCSwiftPackageProductDependency section */
	};
	rootObject = E8BF3A9B2A0FEBD900F0D97A /* Project object */;
}
